// !$*UTF8*$!
{
	archiveVersion = 1;
	classes = {
	};
	objectVersion = 46;
	objects = {

/* Begin PBXBuildFile section */
		3BC7F3831BBA079D001D8B25 /* NumericValidation.h in CopyFiles */ = {isa = PBXBuildFile; fileRef = 3BC7F3821BBA079D001D8B25 /* NumericValidation.h */; };
		3BC7F3851BBA079D001D8B25 /* NumericValidation.m in Sources */ = {isa = PBXBuildFile; fileRef = 3BC7F3841BBA079D001D8B25 /* NumericValidation.m */; };
/* End PBXBuildFile section */

/* Begin PBXCopyFilesBuildPhase section */
		3BC7F37D1BBA079D001D8B25 /* CopyFiles */ = {
			isa = PBXCopyFilesBuildPhase;
			buildActionMask = 2147483647;
			dstPath = "include/$(PRODUCT_NAME)";
			dstSubfolderSpec = 16;
			files = (
				3BC7F3831BBA079D001D8B25 /* NumericValidation.h in CopyFiles */,
			);
			runOnlyForDeploymentPostprocessing = 0;
		};
/* End PBXCopyFilesBuildPhase section */

/* Begin PBXFileReference section */
		3BC7F37F1BBA079D001D8B25 /* libNumericValidation.a */ = {isa = PBXFileReference; explicitFileType = archive.ar; includeInIndex = 0; path = libNumericValidation.a; sourceTree = BUILT_PRODUCTS_DIR; };
		3BC7F3821BBA079D001D8B25 /* NumericValidation.h */ = {isa = PBXFileReference; lastKnownFileType = sourcecode.c.h; path = NumericValidation.h; sourceTree = "<group>"; };
		3BC7F3841BBA079D001D8B25 /* NumericValidation.m */ = {isa = PBXFileReference; lastKnownFileType = sourcecode.c.objc; path = NumericValidation.m; sourceTree = "<group>"; };
/* End PBXFileReference section */

/* Begin PBXFrameworksBuildPhase section */
		3BC7F37C1BBA079D001D8B25 /* Frameworks */ = {
			isa = PBXFrameworksBuildPhase;
			buildActionMask = 2147483647;
			files = (
			);
			runOnlyForDeploymentPostprocessing = 0;
		};
/* End PBXFrameworksBuildPhase section */

/* Begin PBXGroup section */
		3BC7F3761BBA079D001D8B25 = {
			isa = PBXGroup;
			children = (
				3BC7F3811BBA079D001D8B25 /* NumericValidation */,
				3BC7F3801BBA079D001D8B25 /* Products */,
			);
			sourceTree = "<group>";
		};
		3BC7F3801BBA079D001D8B25 /* Products */ = {
			isa = PBXGroup;
			children = (
				3BC7F37F1BBA079D001D8B25 /* libNumericValidation.a */,
			);
			name = Products;
			sourceTree = "<group>";
		};
		3BC7F3811BBA079D001D8B25 /* NumericValidation */ = {
			isa = PBXGroup;
			children = (
				3BC7F3821BBA079D001D8B25 /* NumericValidation.h */,
				3BC7F3841BBA079D001D8B25 /* NumericValidation.m */,
			);
			path = NumericValidation;
			sourceTree = "<group>";
		};
/* End PBXGroup section */

/* Begin PBXNativeTarget section */
		3BC7F37E1BBA079D001D8B25 /* NumericValidation */ = {
			isa = PBXNativeTarget;
			buildConfigurationList = 3BC7F3881BBA079D001D8B25 /* Build configuration list for PBXNativeTarget "NumericValidation" */;
			buildPhases = (
				3BC7F37B1BBA079D001D8B25 /* Sources */,
				3BC7F37C1BBA079D001D8B25 /* Frameworks */,
				3BC7F37D1BBA079D001D8B25 /* CopyFiles */,
			);
			buildRules = (
			);
			dependencies = (
			);
			name = NumericValidation;
			productName = NumericValidation;
			productReference = 3BC7F37F1BBA079D001D8B25 /* libNumericValidation.a */;
			productType = "com.apple.product-type.library.static";
		};
/* End PBXNativeTarget section */

/* Begin PBXProject section */
		3BC7F3771BBA079D001D8B25 /* Project object */ = {
			isa = PBXProject;
			attributes = {
				LastUpgradeCheck = 0700;
				ORGANIZATIONNAME = "Brian Chen";
				TargetAttributes = {
					3BC7F37E1BBA079D001D8B25 = {
						CreatedOnToolsVersion = 7.0;
					};
				};
			};
			buildConfigurationList = 3BC7F37A1BBA079D001D8B25 /* Build configuration list for PBXProject "NumericValidation" */;
			compatibilityVersion = "Xcode 3.2";
			developmentRegion = English;
			hasScannedForEncodings = 0;
			knownRegions = (
				en,
			);
			mainGroup = 3BC7F3761BBA079D001D8B25;
			productRefGroup = 3BC7F3801BBA079D001D8B25 /* Products */;
			projectDirPath = "";
			projectRoot = "";
			targets = (
				3BC7F37E1BBA079D001D8B25 /* NumericValidation */,
			);
		};
/* End PBXProject section */

/* Begin PBXSourcesBuildPhase section */
		3BC7F37B1BBA079D001D8B25 /* Sources */ = {
			isa = PBXSourcesBuildPhase;
			buildActionMask = 2147483647;
			files = (
				3BC7F3851BBA079D001D8B25 /* NumericValidation.m in Sources */,
			);
			runOnlyForDeploymentPostprocessing = 0;
		};
/* End PBXSourcesBuildPhase section */

/* Begin XCBuildConfiguration section */
		3BC7F3861BBA079D001D8B25 /* Debug */ = {
			isa = XCBuildConfiguration;
			buildSettings = {
				ALWAYS_SEARCH_USER_PATHS = NO;
				CLANG_CXX_LANGUAGE_STANDARD = "gnu++0x";
				CLANG_CXX_LIBRARY = "libc++";
				CLANG_ENABLE_MODULES = YES;
				CLANG_ENABLE_OBJC_ARC = YES;
				CLANG_WARN_BOOL_CONVERSION = YES;
				CLANG_WARN_CONSTANT_CONVERSION = YES;
				CLANG_WARN_DIRECT_OBJC_ISA_USAGE = YES_ERROR;
				CLANG_WARN_EMPTY_BODY = YES;
				CLANG_WARN_ENUM_CONVERSION = YES;
				CLANG_WARN_INT_CONVERSION = YES;
				CLANG_WARN_OBJC_ROOT_CLASS = YES_ERROR;
				CLANG_WARN_UNREACHABLE_CODE = YES;
				CLANG_WARN__DUPLICATE_METHOD_MATCH = YES;
				COPY_PHASE_STRIP = NO;
				DEBUG_INFORMATION_FORMAT = dwarf;
				ENABLE_STRICT_OBJC_MSGSEND = YES;
				ENABLE_TESTABILITY = YES;
				GCC_C_LANGUAGE_STANDARD = gnu99;
				GCC_DYNAMIC_NO_PIC = NO;
				GCC_NO_COMMON_BLOCKS = YES;
				GCC_OPTIMIZATION_LEVEL = 0;
				GCC_PREPROCESSOR_DEFINITIONS = (
					"DEBUG=1",
					"$(inherited)",
				);
				GCC_WARN_64_TO_32_BIT_CONVERSION = YES;
				GCC_WARN_ABOUT_RETURN_TYPE = YES_ERROR;
				GCC_WARN_UNDECLARED_SELECTOR = YES;
				GCC_WARN_UNINITIALIZED_AUTOS = YES_AGGRESSIVE;
				GCC_WARN_UNUSED_FUNCTION = YES;
				GCC_WARN_UNUSED_VARIABLE = YES;
				IPHONEOS_DEPLOYMENT_TARGET = 9.0;
				MTL_ENABLE_DEBUG_INFO = YES;
				ONLY_ACTIVE_ARCH = YES;
				SDKROOT = iphoneos;
			};
			name = Debug;
		};
		3BC7F3871BBA079D001D8B25 /* Release */ = {
			isa = XCBuildConfiguration;
			buildSettings = {
				ALWAYS_SEARCH_USER_PATHS = NO;
				CLANG_CXX_LANGUAGE_STANDARD = "gnu++0x";
				CLANG_CXX_LIBRARY = "libc++";
				CLANG_ENABLE_MODULES = YES;
				CLANG_ENABLE_OBJC_ARC = YES;
				CLANG_WARN_BOOL_CONVERSION = YES;
				CLANG_WARN_CONSTANT_CONVERSION = YES;
				CLANG_WARN_DIRECT_OBJC_ISA_USAGE = YES_ERROR;
				CLANG_WARN_EMPTY_BODY = YES;
				CLANG_WARN_ENUM_CONVERSION = YES;
				CLANG_WARN_INT_CONVERSION = YES;
				CLANG_WARN_OBJC_ROOT_CLASS = YES_ERROR;
				CLANG_WARN_UNREACHABLE_CODE = YES;
				CLANG_WARN__DUPLICATE_METHOD_MATCH = YES;
				COPY_PHASE_STRIP = NO;
				DEBUG_INFORMATION_FORMAT = "dwarf-with-dsym";
				ENABLE_NS_ASSERTIONS = NO;
				ENABLE_STRICT_OBJC_MSGSEND = YES;
				GCC_C_LANGUAGE_STANDARD = gnu99;
				GCC_NO_COMMON_BLOCKS = YES;
				GCC_WARN_64_TO_32_BIT_CONVERSION = YES;
				GCC_WARN_ABOUT_RETURN_TYPE = YES_ERROR;
				GCC_WARN_UNDECLARED_SELECTOR = YES;
				GCC_WARN_UNINITIALIZED_AUTOS = YES_AGGRESSIVE;
				GCC_WARN_UNUSED_FUNCTION = YES;
				GCC_WARN_UNUSED_VARIABLE = YES;
				IPHONEOS_DEPLOYMENT_TARGET = 9.0;
				MTL_ENABLE_DEBUG_INFO = NO;
				SDKROOT = iphoneos;
				VALIDATE_PRODUCT = YES;
			};
			name = Release;
		};
		3BC7F3891BBA079D001D8B25 /* Debug */ = {
			isa = XCBuildConfiguration;
			buildSettings = {
				OTHER_LDFLAGS = "-ObjC";
				PRODUCT_NAME = "$(TARGET_NAME)";
				SKIP_INSTALL = YES;
			};
			name = Debug;
		};
		3BC7F38A1BBA079D001D8B25 /* Release */ = {
			isa = XCBuildConfiguration;
			buildSettings = {
				OTHER_LDFLAGS = "-ObjC";
				PRODUCT_NAME = "$(TARGET_NAME)";
				SKIP_INSTALL = YES;
			};
			name = Release;
		};
/* End XCBuildConfiguration section */

/* Begin XCConfigurationList section */
		3BC7F37A1BBA079D001D8B25 /* Build configuration list for PBXProject "NumericValidation" */ = {
			isa = XCConfigurationList;
			buildConfigurations = (
				3BC7F3861BBA079D001D8B25 /* Debug */,
				3BC7F3871BBA079D001D8B25 /* Release */,
			);
			defaultConfigurationIsVisible = 0;
			defaultConfigurationName = Release;
		};
		3BC7F3881BBA079D001D8B25 /* Build configuration list for PBXNativeTarget "NumericValidation" */ = {
			isa = XCConfigurationList;
			buildConfigurations = (
				3BC7F3891BBA079D001D8B25 /* Debug */,
				3BC7F38A1BBA079D001D8B25 /* Release */,
			);
			defaultConfigurationIsVisible = 0;
		};
/* End XCConfigurationList section */
	};
	rootObject = 3BC7F3771BBA079D001D8B25 /* Project object */;
}
