// !$*UTF8*$!
{
	archiveVersion = 1;
	classes = {
	};
	objectVersion = 46;
	objects = {

/* Begin PBXBuildFile section */
		3B1AF0D51BC3167E00FC2551 /* Ios_metadata.m in Sources */ = {isa = PBXBuildFile; fileRef = 3B1AF0BE1BC3167E00FC2551 /* Ios_metadata.m */; settings = {ASSET_TAGS = (); }; };
		3B1AF0D61BC3167E00FC2551 /* Ios_metadata+CoreDataProperties.m in Sources */ = {isa = PBXBuildFile; fileRef = 3B1AF0C01BC3167E00FC2551 /* Ios_metadata+CoreDataProperties.m */; settings = {ASSET_TAGS = (); }; };
		3B1AF0D71BC3167E00FC2551 /* Sp_dta_post_user.m in Sources */ = {isa = PBXBuildFile; fileRef = 3B1AF0C21BC3167E00FC2551 /* Sp_dta_post_user.m */; settings = {ASSET_TAGS = (); }; };
		3B1AF0D81BC3167E00FC2551 /* Sp_dta_post_user+CoreDataProperties.m in Sources */ = {isa = PBXBuildFile; fileRef = 3B1AF0C41BC3167E00FC2551 /* Sp_dta_post_user+CoreDataProperties.m */; settings = {ASSET_TAGS = (); }; };
		3B1AF0D91BC3167E00FC2551 /* Sp_dta_post.m in Sources */ = {isa = PBXBuildFile; fileRef = 3B1AF0C61BC3167E00FC2551 /* Sp_dta_post.m */; settings = {ASSET_TAGS = (); }; };
		3B1AF0DA1BC3167E00FC2551 /* Sp_dta_post+CoreDataProperties.m in Sources */ = {isa = PBXBuildFile; fileRef = 3B1AF0C81BC3167E00FC2551 /* Sp_dta_post+CoreDataProperties.m */; settings = {ASSET_TAGS = (); }; };
		3B1AF0DB1BC3167E00FC2551 /* Sp_dta_user.m in Sources */ = {isa = PBXBuildFile; fileRef = 3B1AF0CA1BC3167E00FC2551 /* Sp_dta_user.m */; settings = {ASSET_TAGS = (); }; };
		3B1AF0DC1BC3167E00FC2551 /* Sp_dta_user+CoreDataProperties.m in Sources */ = {isa = PBXBuildFile; fileRef = 3B1AF0CC1BC3167E00FC2551 /* Sp_dta_user+CoreDataProperties.m */; settings = {ASSET_TAGS = (); }; };
		3B1AF0DD1BC3167E00FC2551 /* Sp_mst_category.m in Sources */ = {isa = PBXBuildFile; fileRef = 3B1AF0CE1BC3167E00FC2551 /* Sp_mst_category.m */; settings = {ASSET_TAGS = (); }; };
		3B1AF0DE1BC3167E00FC2551 /* Sp_mst_category+CoreDataProperties.m in Sources */ = {isa = PBXBuildFile; fileRef = 3B1AF0D01BC3167E00FC2551 /* Sp_mst_category+CoreDataProperties.m */; settings = {ASSET_TAGS = (); }; };
		3B1AF0DF1BC3167E00FC2551 /* Sqlite_sequence.m in Sources */ = {isa = PBXBuildFile; fileRef = 3B1AF0D21BC3167E00FC2551 /* Sqlite_sequence.m */; settings = {ASSET_TAGS = (); }; };
		3B1AF0E01BC3167E00FC2551 /* Sqlite_sequence+CoreDataProperties.m in Sources */ = {isa = PBXBuildFile; fileRef = 3B1AF0D41BC3167E00FC2551 /* Sqlite_sequence+CoreDataProperties.m */; settings = {ASSET_TAGS = (); }; };
		3B41CF441BC309C400DC5A14 /* Spliro.xcdatamodeld in Sources */ = {isa = PBXBuildFile; fileRef = 3B41CF421BC309C400DC5A14 /* Spliro.xcdatamodeld */; settings = {ASSET_TAGS = (); }; };
		3BA42B1A1BBF19C500CA206E /* main.m in Sources */ = {isa = PBXBuildFile; fileRef = 3BA42B191BBF19C500CA206E /* main.m */; };
		3BA42B1D1BBF19C500CA206E /* AppDelegate.m in Sources */ = {isa = PBXBuildFile; fileRef = 3BA42B1C1BBF19C500CA206E /* AppDelegate.m */; };
		3BA42B201BBF19C500CA206E /* ViewController.m in Sources */ = {isa = PBXBuildFile; fileRef = 3BA42B1F1BBF19C500CA206E /* ViewController.m */; };
		3BA42B231BBF19C500CA206E /* Main.storyboard in Resources */ = {isa = PBXBuildFile; fileRef = 3BA42B211BBF19C500CA206E /* Main.storyboard */; };
		3BA42B281BBF19C500CA206E /* Assets.xcassets in Resources */ = {isa = PBXBuildFile; fileRef = 3BA42B271BBF19C500CA206E /* Assets.xcassets */; };
		3BA42B2B1BBF19C600CA206E /* LaunchScreen.storyboard in Resources */ = {isa = PBXBuildFile; fileRef = 3BA42B291BBF19C600CA206E /* LaunchScreen.storyboard */; };
		3BA42B361BBF19C600CA206E /* SpliroTests.m in Sources */ = {isa = PBXBuildFile; fileRef = 3BA42B351BBF19C600CA206E /* SpliroTests.m */; };
		3BA42B411BBF19C600CA206E /* SpliroUITests.m in Sources */ = {isa = PBXBuildFile; fileRef = 3BA42B401BBF19C600CA206E /* SpliroUITests.m */; };
/* End PBXBuildFile section */

/* Begin PBXContainerItemProxy section */
		3BA42B321BBF19C600CA206E /* PBXContainerItemProxy */ = {
			isa = PBXContainerItemProxy;
			containerPortal = 3BA42B0D1BBF19C500CA206E /* Project object */;
			proxyType = 1;
			remoteGlobalIDString = 3BA42B141BBF19C500CA206E;
			remoteInfo = Spliro;
		};
		3BA42B3D1BBF19C600CA206E /* PBXContainerItemProxy */ = {
			isa = PBXContainerItemProxy;
			containerPortal = 3BA42B0D1BBF19C500CA206E /* Project object */;
			proxyType = 1;
			remoteGlobalIDString = 3BA42B141BBF19C500CA206E;
			remoteInfo = Spliro;
		};
/* End PBXContainerItemProxy section */

/* Begin PBXFileReference section */
		3B1AF0BD1BC3167E00FC2551 /* Ios_metadata.h */ = {isa = PBXFileReference; fileEncoding = 4; lastKnownFileType = sourcecode.c.h; name = Ios_metadata.h; path = CoreDaraProperties/Ios_metadata.h; sourceTree = "<group>"; };
		3B1AF0BE1BC3167E00FC2551 /* Ios_metadata.m */ = {isa = PBXFileReference; fileEncoding = 4; lastKnownFileType = sourcecode.c.objc; name = Ios_metadata.m; path = CoreDaraProperties/Ios_metadata.m; sourceTree = "<group>"; };
		3B1AF0BF1BC3167E00FC2551 /* Ios_metadata+CoreDataProperties.h */ = {isa = PBXFileReference; fileEncoding = 4; lastKnownFileType = sourcecode.c.h; name = "Ios_metadata+CoreDataProperties.h"; path = "CoreDaraProperties/Ios_metadata+CoreDataProperties.h"; sourceTree = "<group>"; };
		3B1AF0C01BC3167E00FC2551 /* Ios_metadata+CoreDataProperties.m */ = {isa = PBXFileReference; fileEncoding = 4; lastKnownFileType = sourcecode.c.objc; name = "Ios_metadata+CoreDataProperties.m"; path = "CoreDaraProperties/Ios_metadata+CoreDataProperties.m"; sourceTree = "<group>"; };
		3B1AF0C11BC3167E00FC2551 /* Sp_dta_post_user.h */ = {isa = PBXFileReference; fileEncoding = 4; lastKnownFileType = sourcecode.c.h; name = Sp_dta_post_user.h; path = CoreDaraProperties/Sp_dta_post_user.h; sourceTree = "<group>"; };
		3B1AF0C21BC3167E00FC2551 /* Sp_dta_post_user.m */ = {isa = PBXFileReference; fileEncoding = 4; lastKnownFileType = sourcecode.c.objc; name = Sp_dta_post_user.m; path = CoreDaraProperties/Sp_dta_post_user.m; sourceTree = "<group>"; };
		3B1AF0C31BC3167E00FC2551 /* Sp_dta_post_user+CoreDataProperties.h */ = {isa = PBXFileReference; fileEncoding = 4; lastKnownFileType = sourcecode.c.h; name = "Sp_dta_post_user+CoreDataProperties.h"; path = "CoreDaraProperties/Sp_dta_post_user+CoreDataProperties.h"; sourceTree = "<group>"; };
		3B1AF0C41BC3167E00FC2551 /* Sp_dta_post_user+CoreDataProperties.m */ = {isa = PBXFileReference; fileEncoding = 4; lastKnownFileType = sourcecode.c.objc; name = "Sp_dta_post_user+CoreDataProperties.m"; path = "CoreDaraProperties/Sp_dta_post_user+CoreDataProperties.m"; sourceTree = "<group>"; };
		3B1AF0C51BC3167E00FC2551 /* Sp_dta_post.h */ = {isa = PBXFileReference; fileEncoding = 4; lastKnownFileType = sourcecode.c.h; name = Sp_dta_post.h; path = CoreDaraProperties/Sp_dta_post.h; sourceTree = "<group>"; };
		3B1AF0C61BC3167E00FC2551 /* Sp_dta_post.m */ = {isa = PBXFileReference; fileEncoding = 4; lastKnownFileType = sourcecode.c.objc; name = Sp_dta_post.m; path = CoreDaraProperties/Sp_dta_post.m; sourceTree = "<group>"; };
		3B1AF0C71BC3167E00FC2551 /* Sp_dta_post+CoreDataProperties.h */ = {isa = PBXFileReference; fileEncoding = 4; lastKnownFileType = sourcecode.c.h; name = "Sp_dta_post+CoreDataProperties.h"; path = "CoreDaraProperties/Sp_dta_post+CoreDataProperties.h"; sourceTree = "<group>"; };
		3B1AF0C81BC3167E00FC2551 /* Sp_dta_post+CoreDataProperties.m */ = {isa = PBXFileReference; fileEncoding = 4; lastKnownFileType = sourcecode.c.objc; name = "Sp_dta_post+CoreDataProperties.m"; path = "CoreDaraProperties/Sp_dta_post+CoreDataProperties.m"; sourceTree = "<group>"; };
		3B1AF0C91BC3167E00FC2551 /* Sp_dta_user.h */ = {isa = PBXFileReference; fileEncoding = 4; lastKnownFileType = sourcecode.c.h; name = Sp_dta_user.h; path = CoreDaraProperties/Sp_dta_user.h; sourceTree = "<group>"; };
		3B1AF0CA1BC3167E00FC2551 /* Sp_dta_user.m */ = {isa = PBXFileReference; fileEncoding = 4; lastKnownFileType = sourcecode.c.objc; name = Sp_dta_user.m; path = CoreDaraProperties/Sp_dta_user.m; sourceTree = "<group>"; };
		3B1AF0CB1BC3167E00FC2551 /* Sp_dta_user+CoreDataProperties.h */ = {isa = PBXFileReference; fileEncoding = 4; lastKnownFileType = sourcecode.c.h; name = "Sp_dta_user+CoreDataProperties.h"; path = "CoreDaraProperties/Sp_dta_user+CoreDataProperties.h"; sourceTree = "<group>"; };
		3B1AF0CC1BC3167E00FC2551 /* Sp_dta_user+CoreDataProperties.m */ = {isa = PBXFileReference; fileEncoding = 4; lastKnownFileType = sourcecode.c.objc; name = "Sp_dta_user+CoreDataProperties.m"; path = "CoreDaraProperties/Sp_dta_user+CoreDataProperties.m"; sourceTree = "<group>"; };
		3B1AF0CD1BC3167E00FC2551 /* Sp_mst_category.h */ = {isa = PBXFileReference; fileEncoding = 4; lastKnownFileType = sourcecode.c.h; name = Sp_mst_category.h; path = CoreDaraProperties/Sp_mst_category.h; sourceTree = "<group>"; };
		3B1AF0CE1BC3167E00FC2551 /* Sp_mst_category.m */ = {isa = PBXFileReference; fileEncoding = 4; lastKnownFileType = sourcecode.c.objc; name = Sp_mst_category.m; path = CoreDaraProperties/Sp_mst_category.m; sourceTree = "<group>"; };
		3B1AF0CF1BC3167E00FC2551 /* Sp_mst_category+CoreDataProperties.h */ = {isa = PBXFileReference; fileEncoding = 4; lastKnownFileType = sourcecode.c.h; name = "Sp_mst_category+CoreDataProperties.h"; path = "CoreDaraProperties/Sp_mst_category+CoreDataProperties.h"; sourceTree = "<group>"; };
		3B1AF0D01BC3167E00FC2551 /* Sp_mst_category+CoreDataProperties.m */ = {isa = PBXFileReference; fileEncoding = 4; lastKnownFileType = sourcecode.c.objc; name = "Sp_mst_category+CoreDataProperties.m"; path = "CoreDaraProperties/Sp_mst_category+CoreDataProperties.m"; sourceTree = "<group>"; };
		3B1AF0D11BC3167E00FC2551 /* Sqlite_sequence.h */ = {isa = PBXFileReference; fileEncoding = 4; lastKnownFileType = sourcecode.c.h; name = Sqlite_sequence.h; path = CoreDaraProperties/Sqlite_sequence.h; sourceTree = "<group>"; };
		3B1AF0D21BC3167E00FC2551 /* Sqlite_sequence.m */ = {isa = PBXFileReference; fileEncoding = 4; lastKnownFileType = sourcecode.c.objc; name = Sqlite_sequence.m; path = CoreDaraProperties/Sqlite_sequence.m; sourceTree = "<group>"; };
		3B1AF0D31BC3167E00FC2551 /* Sqlite_sequence+CoreDataProperties.h */ = {isa = PBXFileReference; fileEncoding = 4; lastKnownFileType = sourcecode.c.h; name = "Sqlite_sequence+CoreDataProperties.h"; path = "CoreDaraProperties/Sqlite_sequence+CoreDataProperties.h"; sourceTree = "<group>"; };
		3B1AF0D41BC3167E00FC2551 /* Sqlite_sequence+CoreDataProperties.m */ = {isa = PBXFileReference; fileEncoding = 4; lastKnownFileType = sourcecode.c.objc; name = "Sqlite_sequence+CoreDataProperties.m"; path = "CoreDaraProperties/Sqlite_sequence+CoreDataProperties.m"; sourceTree = "<group>"; };
		3B41CF431BC309C400DC5A14 /* Spliro.xcdatamodel */ = {isa = PBXFileReference; lastKnownFileType = wrapper.xcdatamodel; path = Spliro.xcdatamodel; sourceTree = "<group>"; };
		3BA42B151BBF19C500CA206E /* Spliro.app */ = {isa = PBXFileReference; explicitFileType = wrapper.application; includeInIndex = 0; path = Spliro.app; sourceTree = BUILT_PRODUCTS_DIR; };
		3BA42B191BBF19C500CA206E /* main.m */ = {isa = PBXFileReference; lastKnownFileType = sourcecode.c.objc; path = main.m; sourceTree = "<group>"; };
		3BA42B1B1BBF19C500CA206E /* AppDelegate.h */ = {isa = PBXFileReference; lastKnownFileType = sourcecode.c.h; path = AppDelegate.h; sourceTree = "<group>"; };
		3BA42B1C1BBF19C500CA206E /* AppDelegate.m */ = {isa = PBXFileReference; lastKnownFileType = sourcecode.c.objc; path = AppDelegate.m; sourceTree = "<group>"; };
		3BA42B1E1BBF19C500CA206E /* ViewController.h */ = {isa = PBXFileReference; lastKnownFileType = sourcecode.c.h; path = ViewController.h; sourceTree = "<group>"; };
		3BA42B1F1BBF19C500CA206E /* ViewController.m */ = {isa = PBXFileReference; lastKnownFileType = sourcecode.c.objc; path = ViewController.m; sourceTree = "<group>"; };
		3BA42B221BBF19C500CA206E /* Base */ = {isa = PBXFileReference; lastKnownFileType = file.storyboard; name = Base; path = Base.lproj/Main.storyboard; sourceTree = "<group>"; };
		3BA42B271BBF19C500CA206E /* Assets.xcassets */ = {isa = PBXFileReference; lastKnownFileType = folder.assetcatalog; path = Assets.xcassets; sourceTree = "<group>"; };
		3BA42B2A1BBF19C600CA206E /* Base */ = {isa = PBXFileReference; lastKnownFileType = file.storyboard; name = Base; path = Base.lproj/LaunchScreen.storyboard; sourceTree = "<group>"; };
		3BA42B2C1BBF19C600CA206E /* Info.plist */ = {isa = PBXFileReference; lastKnownFileType = text.plist.xml; path = Info.plist; sourceTree = "<group>"; };
		3BA42B311BBF19C600CA206E /* SpliroTests.xctest */ = {isa = PBXFileReference; explicitFileType = wrapper.cfbundle; includeInIndex = 0; path = SpliroTests.xctest; sourceTree = BUILT_PRODUCTS_DIR; };
		3BA42B351BBF19C600CA206E /* SpliroTests.m */ = {isa = PBXFileReference; lastKnownFileType = sourcecode.c.objc; path = SpliroTests.m; sourceTree = "<group>"; };
		3BA42B371BBF19C600CA206E /* Info.plist */ = {isa = PBXFileReference; lastKnownFileType = text.plist.xml; path = Info.plist; sourceTree = "<group>"; };
		3BA42B3C1BBF19C600CA206E /* SpliroUITests.xctest */ = {isa = PBXFileReference; explicitFileType = wrapper.cfbundle; includeInIndex = 0; path = SpliroUITests.xctest; sourceTree = BUILT_PRODUCTS_DIR; };
		3BA42B401BBF19C600CA206E /* SpliroUITests.m */ = {isa = PBXFileReference; lastKnownFileType = sourcecode.c.objc; path = SpliroUITests.m; sourceTree = "<group>"; };
		3BA42B421BBF19C600CA206E /* Info.plist */ = {isa = PBXFileReference; lastKnownFileType = text.plist.xml; path = Info.plist; sourceTree = "<group>"; };
/* End PBXFileReference section */

/* Begin PBXFrameworksBuildPhase section */
		3BA42B121BBF19C500CA206E /* Frameworks */ = {
			isa = PBXFrameworksBuildPhase;
			buildActionMask = 2147483647;
			files = (
			);
			runOnlyForDeploymentPostprocessing = 0;
		};
		3BA42B2E1BBF19C600CA206E /* Frameworks */ = {
			isa = PBXFrameworksBuildPhase;
			buildActionMask = 2147483647;
			files = (
			);
			runOnlyForDeploymentPostprocessing = 0;
		};
		3BA42B391BBF19C600CA206E /* Frameworks */ = {
			isa = PBXFrameworksBuildPhase;
			buildActionMask = 2147483647;
			files = (
			);
			runOnlyForDeploymentPostprocessing = 0;
		};
/* End PBXFrameworksBuildPhase section */

/* Begin PBXGroup section */
		3B49B0451BBF3D29002C5F06 /* CoreDataProperties */ = {
			isa = PBXGroup;
			children = (
				3B1AF0BD1BC3167E00FC2551 /* Ios_metadata.h */,
				3B1AF0BE1BC3167E00FC2551 /* Ios_metadata.m */,
				3B1AF0BF1BC3167E00FC2551 /* Ios_metadata+CoreDataProperties.h */,
				3B1AF0C01BC3167E00FC2551 /* Ios_metadata+CoreDataProperties.m */,
				3B1AF0C11BC3167E00FC2551 /* Sp_dta_post_user.h */,
				3B1AF0C21BC3167E00FC2551 /* Sp_dta_post_user.m */,
				3B1AF0C31BC3167E00FC2551 /* Sp_dta_post_user+CoreDataProperties.h */,
				3B1AF0C41BC3167E00FC2551 /* Sp_dta_post_user+CoreDataProperties.m */,
				3B1AF0C51BC3167E00FC2551 /* Sp_dta_post.h */,
				3B1AF0C61BC3167E00FC2551 /* Sp_dta_post.m */,
				3B1AF0C71BC3167E00FC2551 /* Sp_dta_post+CoreDataProperties.h */,
				3B1AF0C81BC3167E00FC2551 /* Sp_dta_post+CoreDataProperties.m */,
				3B1AF0C91BC3167E00FC2551 /* Sp_dta_user.h */,
				3B1AF0CA1BC3167E00FC2551 /* Sp_dta_user.m */,
				3B1AF0CB1BC3167E00FC2551 /* Sp_dta_user+CoreDataProperties.h */,
				3B1AF0CC1BC3167E00FC2551 /* Sp_dta_user+CoreDataProperties.m */,
				3B1AF0CD1BC3167E00FC2551 /* Sp_mst_category.h */,
				3B1AF0CE1BC3167E00FC2551 /* Sp_mst_category.m */,
				3B1AF0CF1BC3167E00FC2551 /* Sp_mst_category+CoreDataProperties.h */,
				3B1AF0D01BC3167E00FC2551 /* Sp_mst_category+CoreDataProperties.m */,
				3B1AF0D11BC3167E00FC2551 /* Sqlite_sequence.h */,
				3B1AF0D21BC3167E00FC2551 /* Sqlite_sequence.m */,
				3B1AF0D31BC3167E00FC2551 /* Sqlite_sequence+CoreDataProperties.h */,
				3B1AF0D41BC3167E00FC2551 /* Sqlite_sequence+CoreDataProperties.m */,
			);
			name = CoreDataProperties;
			sourceTree = "<group>";
		};
		3BA42B0C1BBF19C500CA206E = {
			isa = PBXGroup;
			children = (
				3B49B0451BBF3D29002C5F06 /* CoreDataProperties */,
				3BA42B171BBF19C500CA206E /* Spliro */,
				3BA42B341BBF19C600CA206E /* SpliroTests */,
				3BA42B3F1BBF19C600CA206E /* SpliroUITests */,
				3BA42B161BBF19C500CA206E /* Products */,
			);
			sourceTree = "<group>";
		};
		3BA42B161BBF19C500CA206E /* Products */ = {
			isa = PBXGroup;
			children = (
				3BA42B151BBF19C500CA206E /* Spliro.app */,
				3BA42B311BBF19C600CA206E /* SpliroTests.xctest */,
				3BA42B3C1BBF19C600CA206E /* SpliroUITests.xctest */,
			);
			name = Products;
			sourceTree = "<group>";
		};
		3BA42B171BBF19C500CA206E /* Spliro */ = {
			isa = PBXGroup;
			children = (
				3BA42B1B1BBF19C500CA206E /* AppDelegate.h */,
				3BA42B1C1BBF19C500CA206E /* AppDelegate.m */,
				3BA42B1E1BBF19C500CA206E /* ViewController.h */,
				3BA42B1F1BBF19C500CA206E /* ViewController.m */,
				3BA42B211BBF19C500CA206E /* Main.storyboard */,
				3BA42B271BBF19C500CA206E /* Assets.xcassets */,
				3BA42B291BBF19C600CA206E /* LaunchScreen.storyboard */,
				3B41CF421BC309C400DC5A14 /* Spliro.xcdatamodeld */,
				3BA42B2C1BBF19C600CA206E /* Info.plist */,
				3BA42B181BBF19C500CA206E /* Supporting Files */,
			);
			path = Spliro;
			sourceTree = "<group>";
		};
		3BA42B181BBF19C500CA206E /* Supporting Files */ = {
			isa = PBXGroup;
			children = (
				3BA42B191BBF19C500CA206E /* main.m */,
			);
			name = "Supporting Files";
			sourceTree = "<group>";
		};
		3BA42B341BBF19C600CA206E /* SpliroTests */ = {
			isa = PBXGroup;
			children = (
				3BA42B351BBF19C600CA206E /* SpliroTests.m */,
				3BA42B371BBF19C600CA206E /* Info.plist */,
			);
			path = SpliroTests;
			sourceTree = "<group>";
		};
		3BA42B3F1BBF19C600CA206E /* SpliroUITests */ = {
			isa = PBXGroup;
			children = (
				3BA42B401BBF19C600CA206E /* SpliroUITests.m */,
				3BA42B421BBF19C600CA206E /* Info.plist */,
			);
			path = SpliroUITests;
			sourceTree = "<group>";
		};
/* End PBXGroup section */

/* Begin PBXNativeTarget section */
		3BA42B141BBF19C500CA206E /* Spliro */ = {
			isa = PBXNativeTarget;
			buildConfigurationList = 3BA42B451BBF19C600CA206E /* Build configuration list for PBXNativeTarget "Spliro" */;
			buildPhases = (
				3BA42B111BBF19C500CA206E /* Sources */,
				3BA42B121BBF19C500CA206E /* Frameworks */,
				3BA42B131BBF19C500CA206E /* Resources */,
			);
			buildRules = (
			);
			dependencies = (
			);
			name = Spliro;
			productName = Spliro;
			productReference = 3BA42B151BBF19C500CA206E /* Spliro.app */;
			productType = "com.apple.product-type.application";
		};
		3BA42B301BBF19C600CA206E /* SpliroTests */ = {
			isa = PBXNativeTarget;
			buildConfigurationList = 3BA42B481BBF19C600CA206E /* Build configuration list for PBXNativeTarget "SpliroTests" */;
			buildPhases = (
				3BA42B2D1BBF19C600CA206E /* Sources */,
				3BA42B2E1BBF19C600CA206E /* Frameworks */,
				3BA42B2F1BBF19C600CA206E /* Resources */,
			);
			buildRules = (
			);
			dependencies = (
				3BA42B331BBF19C600CA206E /* PBXTargetDependency */,
			);
			name = SpliroTests;
			productName = SpliroTests;
			productReference = 3BA42B311BBF19C600CA206E /* SpliroTests.xctest */;
			productType = "com.apple.product-type.bundle.unit-test";
		};
		3BA42B3B1BBF19C600CA206E /* SpliroUITests */ = {
			isa = PBXNativeTarget;
			buildConfigurationList = 3BA42B4B1BBF19C600CA206E /* Build configuration list for PBXNativeTarget "SpliroUITests" */;
			buildPhases = (
				3BA42B381BBF19C600CA206E /* Sources */,
				3BA42B391BBF19C600CA206E /* Frameworks */,
				3BA42B3A1BBF19C600CA206E /* Resources */,
			);
			buildRules = (
			);
			dependencies = (
				3BA42B3E1BBF19C600CA206E /* PBXTargetDependency */,
			);
			name = SpliroUITests;
			productName = SpliroUITests;
			productReference = 3BA42B3C1BBF19C600CA206E /* SpliroUITests.xctest */;
			productType = "com.apple.product-type.bundle.ui-testing";
		};
/* End PBXNativeTarget section */

/* Begin PBXProject section */
		3BA42B0D1BBF19C500CA206E /* Project object */ = {
			isa = PBXProject;
			attributes = {
				LastUpgradeCheck = 0700;
				ORGANIZATIONNAME = "Brian Chen";
				TargetAttributes = {
					3BA42B141BBF19C500CA206E = {
						CreatedOnToolsVersion = 7.0;
					};
					3BA42B301BBF19C600CA206E = {
						CreatedOnToolsVersion = 7.0;
						TestTargetID = 3BA42B141BBF19C500CA206E;
					};
					3BA42B3B1BBF19C600CA206E = {
						CreatedOnToolsVersion = 7.0;
						TestTargetID = 3BA42B141BBF19C500CA206E;
					};
				};
			};
			buildConfigurationList = 3BA42B101BBF19C500CA206E /* Build configuration list for PBXProject "Spliro" */;
			compatibilityVersion = "Xcode 3.2";
			developmentRegion = English;
			hasScannedForEncodings = 0;
			knownRegions = (
				en,
				Base,
			);
			mainGroup = 3BA42B0C1BBF19C500CA206E;
			productRefGroup = 3BA42B161BBF19C500CA206E /* Products */;
			projectDirPath = "";
			projectRoot = "";
			targets = (
				3BA42B141BBF19C500CA206E /* Spliro */,
				3BA42B301BBF19C600CA206E /* SpliroTests */,
				3BA42B3B1BBF19C600CA206E /* SpliroUITests */,
			);
		};
/* End PBXProject section */

/* Begin PBXResourcesBuildPhase section */
		3BA42B131BBF19C500CA206E /* Resources */ = {
			isa = PBXResourcesBuildPhase;
			buildActionMask = 2147483647;
			files = (
				3BA42B2B1BBF19C600CA206E /* LaunchScreen.storyboard in Resources */,
				3BA42B281BBF19C500CA206E /* Assets.xcassets in Resources */,
				3BA42B231BBF19C500CA206E /* Main.storyboard in Resources */,
			);
			runOnlyForDeploymentPostprocessing = 0;
		};
		3BA42B2F1BBF19C600CA206E /* Resources */ = {
			isa = PBXResourcesBuildPhase;
			buildActionMask = 2147483647;
			files = (
			);
			runOnlyForDeploymentPostprocessing = 0;
		};
		3BA42B3A1BBF19C600CA206E /* Resources */ = {
			isa = PBXResourcesBuildPhase;
			buildActionMask = 2147483647;
			files = (
			);
			runOnlyForDeploymentPostprocessing = 0;
		};
/* End PBXResourcesBuildPhase section */

/* Begin PBXSourcesBuildPhase section */
		3BA42B111BBF19C500CA206E /* Sources */ = {
			isa = PBXSourcesBuildPhase;
			buildActionMask = 2147483647;
			files = (
				3B1AF0DA1BC3167E00FC2551 /* Sp_dta_post+CoreDataProperties.m in Sources */,
				3B1AF0D91BC3167E00FC2551 /* Sp_dta_post.m in Sources */,
				3B1AF0E01BC3167E00FC2551 /* Sqlite_sequence+CoreDataProperties.m in Sources */,
				3B1AF0D61BC3167E00FC2551 /* Ios_metadata+CoreDataProperties.m in Sources */,
				3B1AF0DB1BC3167E00FC2551 /* Sp_dta_user.m in Sources */,
				3BA42B201BBF19C500CA206E /* ViewController.m in Sources */,
				3BA42B1D1BBF19C500CA206E /* AppDelegate.m in Sources */,
				3B1AF0D71BC3167E00FC2551 /* Sp_dta_post_user.m in Sources */,
				3BA42B1A1BBF19C500CA206E /* main.m in Sources */,
				3B1AF0D51BC3167E00FC2551 /* Ios_metadata.m in Sources */,
				3B1AF0DF1BC3167E00FC2551 /* Sqlite_sequence.m in Sources */,
				3B41CF441BC309C400DC5A14 /* Spliro.xcdatamodeld in Sources */,
				3B1AF0DE1BC3167E00FC2551 /* Sp_mst_category+CoreDataProperties.m in Sources */,
				3B1AF0D81BC3167E00FC2551 /* Sp_dta_post_user+CoreDataProperties.m in Sources */,
				3B1AF0DD1BC3167E00FC2551 /* Sp_mst_category.m in Sources */,
				3B1AF0DC1BC3167E00FC2551 /* Sp_dta_user+CoreDataProperties.m in Sources */,
			);
			runOnlyForDeploymentPostprocessing = 0;
		};
		3BA42B2D1BBF19C600CA206E /* Sources */ = {
			isa = PBXSourcesBuildPhase;
			buildActionMask = 2147483647;
			files = (
				3BA42B361BBF19C600CA206E /* SpliroTests.m in Sources */,
			);
			runOnlyForDeploymentPostprocessing = 0;
		};
		3BA42B381BBF19C600CA206E /* Sources */ = {
			isa = PBXSourcesBuildPhase;
			buildActionMask = 2147483647;
			files = (
				3BA42B411BBF19C600CA206E /* SpliroUITests.m in Sources */,
			);
			runOnlyForDeploymentPostprocessing = 0;
		};
/* End PBXSourcesBuildPhase section */

/* Begin PBXTargetDependency section */
		3BA42B331BBF19C600CA206E /* PBXTargetDependency */ = {
			isa = PBXTargetDependency;
			target = 3BA42B141BBF19C500CA206E /* Spliro */;
			targetProxy = 3BA42B321BBF19C600CA206E /* PBXContainerItemProxy */;
		};
		3BA42B3E1BBF19C600CA206E /* PBXTargetDependency */ = {
			isa = PBXTargetDependency;
			target = 3BA42B141BBF19C500CA206E /* Spliro */;
			targetProxy = 3BA42B3D1BBF19C600CA206E /* PBXContainerItemProxy */;
		};
/* End PBXTargetDependency section */

/* Begin PBXVariantGroup section */
		3BA42B211BBF19C500CA206E /* Main.storyboard */ = {
			isa = PBXVariantGroup;
			children = (
				3BA42B221BBF19C500CA206E /* Base */,
			);
			name = Main.storyboard;
			sourceTree = "<group>";
		};
		3BA42B291BBF19C600CA206E /* LaunchScreen.storyboard */ = {
			isa = PBXVariantGroup;
			children = (
				3BA42B2A1BBF19C600CA206E /* Base */,
			);
			name = LaunchScreen.storyboard;
			sourceTree = "<group>";
		};
/* End PBXVariantGroup section */

/* Begin XCBuildConfiguration section */
		3BA42B431BBF19C600CA206E /* Debug */ = {
			isa = XCBuildConfiguration;
			buildSettings = {
				ALWAYS_SEARCH_USER_PATHS = NO;
				CLANG_CXX_LANGUAGE_STANDARD = "gnu++0x";
				CLANG_CXX_LIBRARY = "libc++";
				CLANG_ENABLE_MODULES = YES;
				CLANG_ENABLE_OBJC_ARC = YES;
				CLANG_WARN_BOOL_CONVERSION = YES;
				CLANG_WARN_CONSTANT_CONVERSION = YES;
				CLANG_WARN_DIRECT_OBJC_ISA_USAGE = YES_ERROR;
				CLANG_WARN_EMPTY_BODY = YES;
				CLANG_WARN_ENUM_CONVERSION = YES;
				CLANG_WARN_INT_CONVERSION = YES;
				CLANG_WARN_OBJC_ROOT_CLASS = YES_ERROR;
				CLANG_WARN_UNREACHABLE_CODE = YES;
				CLANG_WARN__DUPLICATE_METHOD_MATCH = YES;
				"CODE_SIGN_IDENTITY[sdk=iphoneos*]" = "iPhone Developer";
				COPY_PHASE_STRIP = NO;
				DEBUG_INFORMATION_FORMAT = dwarf;
				ENABLE_STRICT_OBJC_MSGSEND = YES;
				ENABLE_TESTABILITY = YES;
				GCC_C_LANGUAGE_STANDARD = gnu99;
				GCC_DYNAMIC_NO_PIC = NO;
				GCC_NO_COMMON_BLOCKS = YES;
				GCC_OPTIMIZATION_LEVEL = 0;
				GCC_PREPROCESSOR_DEFINITIONS = (
					"DEBUG=1",
					"$(inherited)",
				);
				GCC_WARN_64_TO_32_BIT_CONVERSION = YES;
				GCC_WARN_ABOUT_RETURN_TYPE = YES_ERROR;
				GCC_WARN_UNDECLARED_SELECTOR = YES;
				GCC_WARN_UNINITIALIZED_AUTOS = YES_AGGRESSIVE;
				GCC_WARN_UNUSED_FUNCTION = YES;
				GCC_WARN_UNUSED_VARIABLE = YES;
				IPHONEOS_DEPLOYMENT_TARGET = 9.0;
				MTL_ENABLE_DEBUG_INFO = YES;
				ONLY_ACTIVE_ARCH = YES;
				SDKROOT = iphoneos;
			};
			name = Debug;
		};
		3BA42B441BBF19C600CA206E /* Release */ = {
			isa = XCBuildConfiguration;
			buildSettings = {
				ALWAYS_SEARCH_USER_PATHS = NO;
				CLANG_CXX_LANGUAGE_STANDARD = "gnu++0x";
				CLANG_CXX_LIBRARY = "libc++";
				CLANG_ENABLE_MODULES = YES;
				CLANG_ENABLE_OBJC_ARC = YES;
				CLANG_WARN_BOOL_CONVERSION = YES;
				CLANG_WARN_CONSTANT_CONVERSION = YES;
				CLANG_WARN_DIRECT_OBJC_ISA_USAGE = YES_ERROR;
				CLANG_WARN_EMPTY_BODY = YES;
				CLANG_WARN_ENUM_CONVERSION = YES;
				CLANG_WARN_INT_CONVERSION = YES;
				CLANG_WARN_OBJC_ROOT_CLASS = YES_ERROR;
				CLANG_WARN_UNREACHABLE_CODE = YES;
				CLANG_WARN__DUPLICATE_METHOD_MATCH = YES;
				"CODE_SIGN_IDENTITY[sdk=iphoneos*]" = "iPhone Developer";
				COPY_PHASE_STRIP = NO;
				DEBUG_INFORMATION_FORMAT = "dwarf-with-dsym";
				ENABLE_NS_ASSERTIONS = NO;
				ENABLE_STRICT_OBJC_MSGSEND = YES;
				GCC_C_LANGUAGE_STANDARD = gnu99;
				GCC_NO_COMMON_BLOCKS = YES;
				GCC_WARN_64_TO_32_BIT_CONVERSION = YES;
				GCC_WARN_ABOUT_RETURN_TYPE = YES_ERROR;
				GCC_WARN_UNDECLARED_SELECTOR = YES;
				GCC_WARN_UNINITIALIZED_AUTOS = YES_AGGRESSIVE;
				GCC_WARN_UNUSED_FUNCTION = YES;
				GCC_WARN_UNUSED_VARIABLE = YES;
				IPHONEOS_DEPLOYMENT_TARGET = 9.0;
				MTL_ENABLE_DEBUG_INFO = NO;
				SDKROOT = iphoneos;
				VALIDATE_PRODUCT = YES;
			};
			name = Release;
		};
		3BA42B461BBF19C600CA206E /* Debug */ = {
			isa = XCBuildConfiguration;
			buildSettings = {
				ASSETCATALOG_COMPILER_APPICON_NAME = AppIcon;
				INFOPLIST_FILE = Spliro/Info.plist;
				LD_RUNPATH_SEARCH_PATHS = "$(inherited) @executable_path/Frameworks";
				PRODUCT_BUNDLE_IDENTIFIER = Aryausa.Spliro;
				PRODUCT_NAME = "$(TARGET_NAME)";
			};
			name = Debug;
		};
		3BA42B471BBF19C600CA206E /* Release */ = {
			isa = XCBuildConfiguration;
			buildSettings = {
				ASSETCATALOG_COMPILER_APPICON_NAME = AppIcon;
				INFOPLIST_FILE = Spliro/Info.plist;
				LD_RUNPATH_SEARCH_PATHS = "$(inherited) @executable_path/Frameworks";
				PRODUCT_BUNDLE_IDENTIFIER = Aryausa.Spliro;
				PRODUCT_NAME = "$(TARGET_NAME)";
			};
			name = Release;
		};
		3BA42B491BBF19C600CA206E /* Debug */ = {
			isa = XCBuildConfiguration;
			buildSettings = {
				BUNDLE_LOADER = "$(TEST_HOST)";
				INFOPLIST_FILE = SpliroTests/Info.plist;
				LD_RUNPATH_SEARCH_PATHS = "$(inherited) @executable_path/Frameworks @loader_path/Frameworks";
				PRODUCT_BUNDLE_IDENTIFIER = Aryausa.SpliroTests;
				PRODUCT_NAME = "$(TARGET_NAME)";
				TEST_HOST = "$(BUILT_PRODUCTS_DIR)/Spliro.app/Spliro";
			};
			name = Debug;
		};
		3BA42B4A1BBF19C600CA206E /* Release */ = {
			isa = XCBuildConfiguration;
			buildSettings = {
				BUNDLE_LOADER = "$(TEST_HOST)";
				INFOPLIST_FILE = SpliroTests/Info.plist;
				LD_RUNPATH_SEARCH_PATHS = "$(inherited) @executable_path/Frameworks @loader_path/Frameworks";
				PRODUCT_BUNDLE_IDENTIFIER = Aryausa.SpliroTests;
				PRODUCT_NAME = "$(TARGET_NAME)";
				TEST_HOST = "$(BUILT_PRODUCTS_DIR)/Spliro.app/Spliro";
			};
			name = Release;
		};
		3BA42B4C1BBF19C600CA206E /* Debug */ = {
			isa = XCBuildConfiguration;
			buildSettings = {
				INFOPLIST_FILE = SpliroUITests/Info.plist;
				LD_RUNPATH_SEARCH_PATHS = "$(inherited) @executable_path/Frameworks @loader_path/Frameworks";
				PRODUCT_BUNDLE_IDENTIFIER = Aryausa.SpliroUITests;
				PRODUCT_NAME = "$(TARGET_NAME)";
				TEST_TARGET_NAME = Spliro;
				USES_XCTRUNNER = YES;
			};
			name = Debug;
		};
		3BA42B4D1BBF19C600CA206E /* Release */ = {
			isa = XCBuildConfiguration;
			buildSettings = {
				INFOPLIST_FILE = SpliroUITests/Info.plist;
				LD_RUNPATH_SEARCH_PATHS = "$(inherited) @executable_path/Frameworks @loader_path/Frameworks";
				PRODUCT_BUNDLE_IDENTIFIER = Aryausa.SpliroUITests;
				PRODUCT_NAME = "$(TARGET_NAME)";
				TEST_TARGET_NAME = Spliro;
				USES_XCTRUNNER = YES;
			};
			name = Release;
		};
/* End XCBuildConfiguration section */

/* Begin XCConfigurationList section */
		3BA42B101BBF19C500CA206E /* Build configuration list for PBXProject "Spliro" */ = {
			isa = XCConfigurationList;
			buildConfigurations = (
				3BA42B431BBF19C600CA206E /* Debug */,
				3BA42B441BBF19C600CA206E /* Release */,
			);
			defaultConfigurationIsVisible = 0;
			defaultConfigurationName = Release;
		};
		3BA42B451BBF19C600CA206E /* Build configuration list for PBXNativeTarget "Spliro" */ = {
			isa = XCConfigurationList;
			buildConfigurations = (
				3BA42B461BBF19C600CA206E /* Debug */,
				3BA42B471BBF19C600CA206E /* Release */,
			);
			defaultConfigurationIsVisible = 0;
			defaultConfigurationName = Release;
		};
		3BA42B481BBF19C600CA206E /* Build configuration list for PBXNativeTarget "SpliroTests" */ = {
			isa = XCConfigurationList;
			buildConfigurations = (
				3BA42B491BBF19C600CA206E /* Debug */,
				3BA42B4A1BBF19C600CA206E /* Release */,
			);
			defaultConfigurationIsVisible = 0;
			defaultConfigurationName = Release;
		};
		3BA42B4B1BBF19C600CA206E /* Build configuration list for PBXNativeTarget "SpliroUITests" */ = {
			isa = XCConfigurationList;
			buildConfigurations = (
				3BA42B4C1BBF19C600CA206E /* Debug */,
				3BA42B4D1BBF19C600CA206E /* Release */,
			);
			defaultConfigurationIsVisible = 0;
			defaultConfigurationName = Release;
		};
/* End XCConfigurationList section */

/* Begin XCVersionGroup section */
		3B41CF421BC309C400DC5A14 /* Spliro.xcdatamodeld */ = {
			isa = XCVersionGroup;
			children = (
				3B41CF431BC309C400DC5A14 /* Spliro.xcdatamodel */,
			);
			currentVersion = 3B41CF431BC309C400DC5A14 /* Spliro.xcdatamodel */;
			path = Spliro.xcdatamodeld;
			sourceTree = "<group>";
			versionGroupType = wrapper.xcdatamodel;
		};
/* End XCVersionGroup section */
	};
	rootObject = 3BA42B0D1BBF19C500CA206E /* Project object */;
}
