// !$*UTF8*$!
{
	archiveVersion = 1;
	classes = {
	};
	objectVersion = 46;
	objects = {

/* Begin PBXBuildFile section */
		248DFB2F1BB3D2A400F49243 /* LogLibrary.h in CopyFiles */ = {isa = PBXBuildFile; fileRef = 248DFB2E1BB3D2A400F49243 /* LogLibrary.h */; };
		248DFB311BB3D2A400F49243 /* LogLibrary.m in Sources */ = {isa = PBXBuildFile; fileRef = 248DFB301BB3D2A400F49243 /* LogLibrary.m */; };
/* End PBXBuildFile section */

/* Begin PBXCopyFilesBuildPhase section */
		248DFB291BB3D2A400F49243 /* CopyFiles */ = {
			isa = PBXCopyFilesBuildPhase;
			buildActionMask = 2147483647;
			dstPath = "include/$(PRODUCT_NAME)";
			dstSubfolderSpec = 16;
			files = (
				248DFB2F1BB3D2A400F49243 /* LogLibrary.h in CopyFiles */,
			);
			runOnlyForDeploymentPostprocessing = 0;
		};
/* End PBXCopyFilesBuildPhase section */

/* Begin PBXFileReference section */
		248DFB2B1BB3D2A400F49243 /* libLogLibrary.a */ = {isa = PBXFileReference; explicitFileType = archive.ar; includeInIndex = 0; path = libLogLibrary.a; sourceTree = BUILT_PRODUCTS_DIR; };
		248DFB2E1BB3D2A400F49243 /* LogLibrary.h */ = {isa = PBXFileReference; lastKnownFileType = sourcecode.c.h; path = LogLibrary.h; sourceTree = "<group>"; };
		248DFB301BB3D2A400F49243 /* LogLibrary.m */ = {isa = PBXFileReference; lastKnownFileType = sourcecode.c.objc; path = LogLibrary.m; sourceTree = "<group>"; };
/* End PBXFileReference section */

/* Begin PBXFrameworksBuildPhase section */
		248DFB281BB3D2A400F49243 /* Frameworks */ = {
			isa = PBXFrameworksBuildPhase;
			buildActionMask = 2147483647;
			files = (
			);
			runOnlyForDeploymentPostprocessing = 0;
		};
/* End PBXFrameworksBuildPhase section */

/* Begin PBXGroup section */
		248DFB221BB3D2A400F49243 = {
			isa = PBXGroup;
			children = (
				248DFB2D1BB3D2A400F49243 /* LogLibrary */,
				248DFB2C1BB3D2A400F49243 /* Products */,
			);
			sourceTree = "<group>";
		};
		248DFB2C1BB3D2A400F49243 /* Products */ = {
			isa = PBXGroup;
			children = (
				248DFB2B1BB3D2A400F49243 /* libLogLibrary.a */,
			);
			name = Products;
			sourceTree = "<group>";
		};
		248DFB2D1BB3D2A400F49243 /* LogLibrary */ = {
			isa = PBXGroup;
			children = (
				248DFB2E1BB3D2A400F49243 /* LogLibrary.h */,
				248DFB301BB3D2A400F49243 /* LogLibrary.m */,
			);
			path = LogLibrary;
			sourceTree = "<group>";
		};
/* End PBXGroup section */

/* Begin PBXNativeTarget section */
		248DFB2A1BB3D2A400F49243 /* LogLibrary */ = {
			isa = PBXNativeTarget;
			buildConfigurationList = 248DFB341BB3D2A400F49243 /* Build configuration list for PBXNativeTarget "LogLibrary" */;
			buildPhases = (
				248DFB271BB3D2A400F49243 /* Sources */,
				248DFB281BB3D2A400F49243 /* Frameworks */,
				248DFB291BB3D2A400F49243 /* CopyFiles */,
			);
			buildRules = (
			);
			dependencies = (
			);
			name = LogLibrary;
			productName = LogLibrary;
			productReference = 248DFB2B1BB3D2A400F49243 /* libLogLibrary.a */;
			productType = "com.apple.product-type.library.static";
		};
/* End PBXNativeTarget section */

/* Begin PBXProject section */
		248DFB231BB3D2A400F49243 /* Project object */ = {
			isa = PBXProject;
			attributes = {
				LastUpgradeCheck = 0700;
				ORGANIZATIONNAME = purnima;
				TargetAttributes = {
					248DFB2A1BB3D2A400F49243 = {
						CreatedOnToolsVersion = 7.0;
					};
				};
			};
			buildConfigurationList = 248DFB261BB3D2A400F49243 /* Build configuration list for PBXProject "LogLibrary" */;
			compatibilityVersion = "Xcode 3.2";
			developmentRegion = English;
			hasScannedForEncodings = 0;
			knownRegions = (
				en,
			);
			mainGroup = 248DFB221BB3D2A400F49243;
			productRefGroup = 248DFB2C1BB3D2A400F49243 /* Products */;
			projectDirPath = "";
			projectRoot = "";
			targets = (
				248DFB2A1BB3D2A400F49243 /* LogLibrary */,
			);
		};
/* End PBXProject section */

/* Begin PBXSourcesBuildPhase section */
		248DFB271BB3D2A400F49243 /* Sources */ = {
			isa = PBXSourcesBuildPhase;
			buildActionMask = 2147483647;
			files = (
				248DFB311BB3D2A400F49243 /* LogLibrary.m in Sources */,
			);
			runOnlyForDeploymentPostprocessing = 0;
		};
/* End PBXSourcesBuildPhase section */

/* Begin XCBuildConfiguration section */
		248DFB321BB3D2A400F49243 /* Debug */ = {
			isa = XCBuildConfiguration;
			buildSettings = {
				ALWAYS_SEARCH_USER_PATHS = NO;
				CLANG_CXX_LANGUAGE_STANDARD = "gnu++0x";
				CLANG_CXX_LIBRARY = "libc++";
				CLANG_ENABLE_MODULES = YES;
				CLANG_ENABLE_OBJC_ARC = YES;
				CLANG_WARN_BOOL_CONVERSION = YES;
				CLANG_WARN_CONSTANT_CONVERSION = YES;
				CLANG_WARN_DIRECT_OBJC_ISA_USAGE = YES_ERROR;
				CLANG_WARN_EMPTY_BODY = YES;
				CLANG_WARN_ENUM_CONVERSION = YES;
				CLANG_WARN_INT_CONVERSION = YES;
				CLANG_WARN_OBJC_ROOT_CLASS = YES_ERROR;
				CLANG_WARN_UNREACHABLE_CODE = YES;
				CLANG_WARN__DUPLICATE_METHOD_MATCH = YES;
				COPY_PHASE_STRIP = NO;
				DEBUG_INFORMATION_FORMAT = dwarf;
				ENABLE_STRICT_OBJC_MSGSEND = YES;
				ENABLE_TESTABILITY = YES;
				GCC_C_LANGUAGE_STANDARD = gnu99;
				GCC_DYNAMIC_NO_PIC = NO;
				GCC_NO_COMMON_BLOCKS = YES;
				GCC_OPTIMIZATION_LEVEL = 0;
				GCC_PREPROCESSOR_DEFINITIONS = (
					"DEBUG=1",
					"$(inherited)",
				);
				GCC_WARN_64_TO_32_BIT_CONVERSION = YES;
				GCC_WARN_ABOUT_RETURN_TYPE = YES_ERROR;
				GCC_WARN_UNDECLARED_SELECTOR = YES;
				GCC_WARN_UNINITIALIZED_AUTOS = YES_AGGRESSIVE;
				GCC_WARN_UNUSED_FUNCTION = YES;
				GCC_WARN_UNUSED_VARIABLE = YES;
				IPHONEOS_DEPLOYMENT_TARGET = 9.0;
				MTL_ENABLE_DEBUG_INFO = YES;
				ONLY_ACTIVE_ARCH = YES;
				SDKROOT = iphoneos;
			};
			name = Debug;
		};
		248DFB331BB3D2A400F49243 /* Release */ = {
			isa = XCBuildConfiguration;
			buildSettings = {
				ALWAYS_SEARCH_USER_PATHS = NO;
				CLANG_CXX_LANGUAGE_STANDARD = "gnu++0x";
				CLANG_CXX_LIBRARY = "libc++";
				CLANG_ENABLE_MODULES = YES;
				CLANG_ENABLE_OBJC_ARC = YES;
				CLANG_WARN_BOOL_CONVERSION = YES;
				CLANG_WARN_CONSTANT_CONVERSION = YES;
				CLANG_WARN_DIRECT_OBJC_ISA_USAGE = YES_ERROR;
				CLANG_WARN_EMPTY_BODY = YES;
				CLANG_WARN_ENUM_CONVERSION = YES;
				CLANG_WARN_INT_CONVERSION = YES;
				CLANG_WARN_OBJC_ROOT_CLASS = YES_ERROR;
				CLANG_WARN_UNREACHABLE_CODE = YES;
				CLANG_WARN__DUPLICATE_METHOD_MATCH = YES;
				COPY_PHASE_STRIP = NO;
				DEBUG_INFORMATION_FORMAT = "dwarf-with-dsym";
				ENABLE_NS_ASSERTIONS = NO;
				ENABLE_STRICT_OBJC_MSGSEND = YES;
				GCC_C_LANGUAGE_STANDARD = gnu99;
				GCC_NO_COMMON_BLOCKS = YES;
				GCC_WARN_64_TO_32_BIT_CONVERSION = YES;
				GCC_WARN_ABOUT_RETURN_TYPE = YES_ERROR;
				GCC_WARN_UNDECLARED_SELECTOR = YES;
				GCC_WARN_UNINITIALIZED_AUTOS = YES_AGGRESSIVE;
				GCC_WARN_UNUSED_FUNCTION = YES;
				GCC_WARN_UNUSED_VARIABLE = YES;
				IPHONEOS_DEPLOYMENT_TARGET = 9.0;
				MTL_ENABLE_DEBUG_INFO = NO;
				SDKROOT = iphoneos;
				VALIDATE_PRODUCT = YES;
			};
			name = Release;
		};
		248DFB351BB3D2A400F49243 /* Debug */ = {
			isa = XCBuildConfiguration;
			buildSettings = {
				OTHER_LDFLAGS = "-ObjC";
				PRODUCT_NAME = "$(TARGET_NAME)";
				SKIP_INSTALL = YES;
			};
			name = Debug;
		};
		248DFB361BB3D2A400F49243 /* Release */ = {
			isa = XCBuildConfiguration;
			buildSettings = {
				OTHER_LDFLAGS = "-ObjC";
				PRODUCT_NAME = "$(TARGET_NAME)";
				SKIP_INSTALL = YES;
			};
			name = Release;
		};
/* End XCBuildConfiguration section */

/* Begin XCConfigurationList section */
		248DFB261BB3D2A400F49243 /* Build configuration list for PBXProject "LogLibrary" */ = {
			isa = XCConfigurationList;
			buildConfigurations = (
				248DFB321BB3D2A400F49243 /* Debug */,
				248DFB331BB3D2A400F49243 /* Release */,
			);
			defaultConfigurationIsVisible = 0;
			defaultConfigurationName = Release;
		};
		248DFB341BB3D2A400F49243 /* Build configuration list for PBXNativeTarget "LogLibrary" */ = {
			isa = XCConfigurationList;
			buildConfigurations = (
				248DFB351BB3D2A400F49243 /* Debug */,
				248DFB361BB3D2A400F49243 /* Release */,
			);
			defaultConfigurationIsVisible = 0;
		};
/* End XCConfigurationList section */
	};
	rootObject = 248DFB231BB3D2A400F49243 /* Project object */;
}
