// !$*UTF8*$!
{
	archiveVersion = 1;
	classes = {
	};
	objectVersion = 46;
	objects = {

/* Begin PBXBuildFile section */
		3B9664751BC6CA1C00228BAA /* RegisterationTable.m in Sources */ = {isa = PBXBuildFile; fileRef = 3B9664741BC6CA1C00228BAA /* RegisterationTable.m */; settings = {ASSET_TAGS = (); }; };
		3BEF9ADC1BC6F82C006123DA /* AFHTTPRequestOperation.m in Sources */ = {isa = PBXBuildFile; fileRef = 3BEF9AB71BC6F82C006123DA /* AFHTTPRequestOperation.m */; settings = {ASSET_TAGS = (); }; };
		3BEF9ADD1BC6F82C006123DA /* AFHTTPRequestOperationManager.m in Sources */ = {isa = PBXBuildFile; fileRef = 3BEF9AB91BC6F82C006123DA /* AFHTTPRequestOperationManager.m */; settings = {ASSET_TAGS = (); }; };
		3BEF9ADE1BC6F82C006123DA /* AFHTTPSessionManager.m in Sources */ = {isa = PBXBuildFile; fileRef = 3BEF9ABB1BC6F82C006123DA /* AFHTTPSessionManager.m */; settings = {ASSET_TAGS = (); }; };
		3BEF9ADF1BC6F82C006123DA /* AFNetworkReachabilityManager.m in Sources */ = {isa = PBXBuildFile; fileRef = 3BEF9ABE1BC6F82C006123DA /* AFNetworkReachabilityManager.m */; settings = {ASSET_TAGS = (); }; };
		3BEF9AE01BC6F82C006123DA /* AFSecurityPolicy.m in Sources */ = {isa = PBXBuildFile; fileRef = 3BEF9AC01BC6F82C006123DA /* AFSecurityPolicy.m */; settings = {ASSET_TAGS = (); }; };
		3BEF9AE11BC6F82C006123DA /* AFURLConnectionOperation.m in Sources */ = {isa = PBXBuildFile; fileRef = 3BEF9AC21BC6F82C006123DA /* AFURLConnectionOperation.m */; settings = {ASSET_TAGS = (); }; };
		3BEF9AE21BC6F82C006123DA /* AFURLRequestSerialization.m in Sources */ = {isa = PBXBuildFile; fileRef = 3BEF9AC41BC6F82C006123DA /* AFURLRequestSerialization.m */; settings = {ASSET_TAGS = (); }; };
		3BEF9AE31BC6F82C006123DA /* AFURLResponseSerialization.m in Sources */ = {isa = PBXBuildFile; fileRef = 3BEF9AC61BC6F82C006123DA /* AFURLResponseSerialization.m */; settings = {ASSET_TAGS = (); }; };
		3BEF9AE41BC6F82C006123DA /* AFURLSessionManager.m in Sources */ = {isa = PBXBuildFile; fileRef = 3BEF9AC81BC6F82C006123DA /* AFURLSessionManager.m */; settings = {ASSET_TAGS = (); }; };
		3BEF9AE51BC6F82C006123DA /* AFNetworkActivityIndicatorManager.m in Sources */ = {isa = PBXBuildFile; fileRef = 3BEF9ACB1BC6F82C006123DA /* AFNetworkActivityIndicatorManager.m */; settings = {ASSET_TAGS = (); }; };
		3BEF9AE61BC6F82C006123DA /* UIActivityIndicatorView+AFNetworking.m in Sources */ = {isa = PBXBuildFile; fileRef = 3BEF9ACD1BC6F82C006123DA /* UIActivityIndicatorView+AFNetworking.m */; settings = {ASSET_TAGS = (); }; };
		3BEF9AE71BC6F82C006123DA /* UIAlertView+AFNetworking.m in Sources */ = {isa = PBXBuildFile; fileRef = 3BEF9ACF1BC6F82C006123DA /* UIAlertView+AFNetworking.m */; settings = {ASSET_TAGS = (); }; };
		3BEF9AE81BC6F82C006123DA /* UIButton+AFNetworking.m in Sources */ = {isa = PBXBuildFile; fileRef = 3BEF9AD11BC6F82C006123DA /* UIButton+AFNetworking.m */; settings = {ASSET_TAGS = (); }; };
		3BEF9AE91BC6F82C006123DA /* UIImageView+AFNetworking.m in Sources */ = {isa = PBXBuildFile; fileRef = 3BEF9AD41BC6F82C006123DA /* UIImageView+AFNetworking.m */; settings = {ASSET_TAGS = (); }; };
		3BEF9AEA1BC6F82C006123DA /* UIProgressView+AFNetworking.m in Sources */ = {isa = PBXBuildFile; fileRef = 3BEF9AD71BC6F82C006123DA /* UIProgressView+AFNetworking.m */; settings = {ASSET_TAGS = (); }; };
		3BEF9AEB1BC6F82C006123DA /* UIRefreshControl+AFNetworking.m in Sources */ = {isa = PBXBuildFile; fileRef = 3BEF9AD91BC6F82C006123DA /* UIRefreshControl+AFNetworking.m */; settings = {ASSET_TAGS = (); }; };
		3BEF9AEC1BC6F82C006123DA /* UIWebView+AFNetworking.m in Sources */ = {isa = PBXBuildFile; fileRef = 3BEF9ADB1BC6F82C006123DA /* UIWebView+AFNetworking.m */; settings = {ASSET_TAGS = (); }; };
		3BF675851BC45B1C008E13AA /* API_Client.m in Sources */ = {isa = PBXBuildFile; fileRef = 3BF675841BC45B1C008E13AA /* API_Client.m */; settings = {ASSET_TAGS = (); }; };
		3BF675881BC47EA6008E13AA /* SignUpVC.m in Sources */ = {isa = PBXBuildFile; fileRef = 3BF675871BC47EA6008E13AA /* SignUpVC.m */; settings = {ASSET_TAGS = (); }; };
=======
		24DF818F1BC4EB5A0021F6E8 /* libValidationLibrary.a in Frameworks */ = {isa = PBXBuildFile; fileRef = 24DF818E1BC4EB5A0021F6E8 /* libValidationLibrary.a */; settings = {ASSET_TAGS = (); }; };
		24DF81911BC4EC0E0021F6E8 /* libinputValidationLib.a in Frameworks */ = {isa = PBXBuildFile; fileRef = 24DF81901BC4EC0E0021F6E8 /* libinputValidationLib.a */; settings = {ASSET_TAGS = (); }; };
>>>>>>> origin/master
=======
		24DF818F1BC4EB5A0021F6E8 /* libValidationLibrary.a in Frameworks */ = {isa = PBXBuildFile; fileRef = 24DF818E1BC4EB5A0021F6E8 /* libValidationLibrary.a */; settings = {ASSET_TAGS = (); }; };
		24DF81911BC4EC0E0021F6E8 /* libinputValidationLib.a in Frameworks */ = {isa = PBXBuildFile; fileRef = 24DF81901BC4EC0E0021F6E8 /* libinputValidationLib.a */; settings = {ASSET_TAGS = (); }; };
>>>>>>> origin/master
=======
		24DF818F1BC4EB5A0021F6E8 /* libValidationLibrary.a in Frameworks */ = {isa = PBXBuildFile; fileRef = 24DF818E1BC4EB5A0021F6E8 /* libValidationLibrary.a */; settings = {ASSET_TAGS = (); }; };
		24DF81911BC4EC0E0021F6E8 /* libinputValidationLib.a in Frameworks */ = {isa = PBXBuildFile; fileRef = 24DF81901BC4EC0E0021F6E8 /* libinputValidationLib.a */; settings = {ASSET_TAGS = (); }; };
>>>>>>> origin/master
		3BFE07D31BC3376D001F4D5B /* main.m in Sources */ = {isa = PBXBuildFile; fileRef = 3BFE07D21BC3376D001F4D5B /* main.m */; };
		3BFE07D61BC3376D001F4D5B /* AppDelegate.m in Sources */ = {isa = PBXBuildFile; fileRef = 3BFE07D51BC3376D001F4D5B /* AppDelegate.m */; };
		3BFE07D91BC3376D001F4D5B /* ViewController.m in Sources */ = {isa = PBXBuildFile; fileRef = 3BFE07D81BC3376D001F4D5B /* ViewController.m */; };
		3BFE07DC1BC3376D001F4D5B /* Main.storyboard in Resources */ = {isa = PBXBuildFile; fileRef = 3BFE07DA1BC3376D001F4D5B /* Main.storyboard */; };
		3BFE07E11BC3376D001F4D5B /* Assets.xcassets in Resources */ = {isa = PBXBuildFile; fileRef = 3BFE07E01BC3376D001F4D5B /* Assets.xcassets */; };
		3BFE07E41BC3376D001F4D5B /* LaunchScreen.storyboard in Resources */ = {isa = PBXBuildFile; fileRef = 3BFE07E21BC3376D001F4D5B /* LaunchScreen.storyboard */; };
		3BFE07EF1BC3376D001F4D5B /* SpliroTestingTests.m in Sources */ = {isa = PBXBuildFile; fileRef = 3BFE07EE1BC3376D001F4D5B /* SpliroTestingTests.m */; };
		3BFE07FA1BC3376D001F4D5B /* SpliroTestingUITests.m in Sources */ = {isa = PBXBuildFile; fileRef = 3BFE07F91BC3376D001F4D5B /* SpliroTestingUITests.m */; };
		3BFE08091BC33789001F4D5B /* Spliro.xcdatamodeld in Sources */ = {isa = PBXBuildFile; fileRef = 3BFE08071BC33789001F4D5B /* Spliro.xcdatamodeld */; settings = {ASSET_TAGS = (); }; };
		3BFE08221BC337F8001F4D5B /* Ios_metadata+CoreDataProperties.m in Sources */ = {isa = PBXBuildFile; fileRef = 3BFE080B1BC337F8001F4D5B /* Ios_metadata+CoreDataProperties.m */; settings = {ASSET_TAGS = (); }; };
		3BFE08231BC337F8001F4D5B /* Ios_metadata.m in Sources */ = {isa = PBXBuildFile; fileRef = 3BFE080D1BC337F8001F4D5B /* Ios_metadata.m */; settings = {ASSET_TAGS = (); }; };
		3BFE08241BC337F8001F4D5B /* Sp_dta_post_user+CoreDataProperties.m in Sources */ = {isa = PBXBuildFile; fileRef = 3BFE080F1BC337F8001F4D5B /* Sp_dta_post_user+CoreDataProperties.m */; settings = {ASSET_TAGS = (); }; };
		3BFE08251BC337F8001F4D5B /* Sp_dta_post_user.m in Sources */ = {isa = PBXBuildFile; fileRef = 3BFE08111BC337F8001F4D5B /* Sp_dta_post_user.m */; settings = {ASSET_TAGS = (); }; };
		3BFE08261BC337F8001F4D5B /* Sp_mst_category+CoreDataProperties.m in Sources */ = {isa = PBXBuildFile; fileRef = 3BFE08131BC337F8001F4D5B /* Sp_mst_category+CoreDataProperties.m */; settings = {ASSET_TAGS = (); }; };
		3BFE08271BC337F8001F4D5B /* Sp_mst_category.m in Sources */ = {isa = PBXBuildFile; fileRef = 3BFE08151BC337F8001F4D5B /* Sp_mst_category.m */; settings = {ASSET_TAGS = (); }; };
		3BFE08281BC337F8001F4D5B /* Sp_dta_post+CoreDataProperties.m in Sources */ = {isa = PBXBuildFile; fileRef = 3BFE08171BC337F8001F4D5B /* Sp_dta_post+CoreDataProperties.m */; settings = {ASSET_TAGS = (); }; };
		3BFE08291BC337F8001F4D5B /* Sp_dta_post.m in Sources */ = {isa = PBXBuildFile; fileRef = 3BFE08191BC337F8001F4D5B /* Sp_dta_post.m */; settings = {ASSET_TAGS = (); }; };
		3BFE082A1BC337F8001F4D5B /* Sp_dta_user+CoreDataProperties.m in Sources */ = {isa = PBXBuildFile; fileRef = 3BFE081B1BC337F8001F4D5B /* Sp_dta_user+CoreDataProperties.m */; settings = {ASSET_TAGS = (); }; };
		3BFE082B1BC337F8001F4D5B /* Sp_dta_user.m in Sources */ = {isa = PBXBuildFile; fileRef = 3BFE081D1BC337F8001F4D5B /* Sp_dta_user.m */; settings = {ASSET_TAGS = (); }; };
		3BFE082C1BC337F8001F4D5B /* Sqlite_sequence+CoreDataProperties.m in Sources */ = {isa = PBXBuildFile; fileRef = 3BFE081F1BC337F8001F4D5B /* Sqlite_sequence+CoreDataProperties.m */; settings = {ASSET_TAGS = (); }; };
		3BFE082D1BC337F8001F4D5B /* Sqlite_sequence.m in Sources */ = {isa = PBXBuildFile; fileRef = 3BFE08211BC337F8001F4D5B /* Sqlite_sequence.m */; settings = {ASSET_TAGS = (); }; };
/* End PBXBuildFile section */

/* Begin PBXContainerItemProxy section */
		3BFE07EB1BC3376D001F4D5B /* PBXContainerItemProxy */ = {
			isa = PBXContainerItemProxy;
			containerPortal = 3BFE07C61BC3376D001F4D5B /* Project object */;
			proxyType = 1;
			remoteGlobalIDString = 3BFE07CD1BC3376D001F4D5B;
			remoteInfo = SpliroTesting;
		};
		3BFE07F61BC3376D001F4D5B /* PBXContainerItemProxy */ = {
			isa = PBXContainerItemProxy;
			containerPortal = 3BFE07C61BC3376D001F4D5B /* Project object */;
			proxyType = 1;
			remoteGlobalIDString = 3BFE07CD1BC3376D001F4D5B;
			remoteInfo = SpliroTesting;
		};
/* End PBXContainerItemProxy section */

/* Begin PBXFileReference section */

		3B9664731BC6CA1C00228BAA /* RegisterationTable.h */ = {isa = PBXFileReference; fileEncoding = 4; lastKnownFileType = sourcecode.c.h; path = RegisterationTable.h; sourceTree = "<group>"; };
		3B9664741BC6CA1C00228BAA /* RegisterationTable.m */ = {isa = PBXFileReference; fileEncoding = 4; lastKnownFileType = sourcecode.c.objc; path = RegisterationTable.m; sourceTree = "<group>"; };
		3B9664761BC6D2BF00228BAA /* Constants.h */ = {isa = PBXFileReference; lastKnownFileType = sourcecode.c.h; path = Constants.h; sourceTree = "<group>"; };
		3BEF9AB61BC6F82C006123DA /* AFHTTPRequestOperation.h */ = {isa = PBXFileReference; fileEncoding = 4; lastKnownFileType = sourcecode.c.h; path = AFHTTPRequestOperation.h; sourceTree = "<group>"; };
		3BEF9AB71BC6F82C006123DA /* AFHTTPRequestOperation.m */ = {isa = PBXFileReference; fileEncoding = 4; lastKnownFileType = sourcecode.c.objc; path = AFHTTPRequestOperation.m; sourceTree = "<group>"; };
		3BEF9AB81BC6F82C006123DA /* AFHTTPRequestOperationManager.h */ = {isa = PBXFileReference; fileEncoding = 4; lastKnownFileType = sourcecode.c.h; path = AFHTTPRequestOperationManager.h; sourceTree = "<group>"; };
		3BEF9AB91BC6F82C006123DA /* AFHTTPRequestOperationManager.m */ = {isa = PBXFileReference; fileEncoding = 4; lastKnownFileType = sourcecode.c.objc; path = AFHTTPRequestOperationManager.m; sourceTree = "<group>"; };
		3BEF9ABA1BC6F82C006123DA /* AFHTTPSessionManager.h */ = {isa = PBXFileReference; fileEncoding = 4; lastKnownFileType = sourcecode.c.h; path = AFHTTPSessionManager.h; sourceTree = "<group>"; };
		3BEF9ABB1BC6F82C006123DA /* AFHTTPSessionManager.m */ = {isa = PBXFileReference; fileEncoding = 4; lastKnownFileType = sourcecode.c.objc; path = AFHTTPSessionManager.m; sourceTree = "<group>"; };
		3BEF9ABC1BC6F82C006123DA /* AFNetworking.h */ = {isa = PBXFileReference; fileEncoding = 4; lastKnownFileType = sourcecode.c.h; path = AFNetworking.h; sourceTree = "<group>"; };
		3BEF9ABD1BC6F82C006123DA /* AFNetworkReachabilityManager.h */ = {isa = PBXFileReference; fileEncoding = 4; lastKnownFileType = sourcecode.c.h; path = AFNetworkReachabilityManager.h; sourceTree = "<group>"; };
		3BEF9ABE1BC6F82C006123DA /* AFNetworkReachabilityManager.m */ = {isa = PBXFileReference; fileEncoding = 4; lastKnownFileType = sourcecode.c.objc; path = AFNetworkReachabilityManager.m; sourceTree = "<group>"; };
		3BEF9ABF1BC6F82C006123DA /* AFSecurityPolicy.h */ = {isa = PBXFileReference; fileEncoding = 4; lastKnownFileType = sourcecode.c.h; path = AFSecurityPolicy.h; sourceTree = "<group>"; };
		3BEF9AC01BC6F82C006123DA /* AFSecurityPolicy.m */ = {isa = PBXFileReference; fileEncoding = 4; lastKnownFileType = sourcecode.c.objc; path = AFSecurityPolicy.m; sourceTree = "<group>"; };
		3BEF9AC11BC6F82C006123DA /* AFURLConnectionOperation.h */ = {isa = PBXFileReference; fileEncoding = 4; lastKnownFileType = sourcecode.c.h; path = AFURLConnectionOperation.h; sourceTree = "<group>"; };
		3BEF9AC21BC6F82C006123DA /* AFURLConnectionOperation.m */ = {isa = PBXFileReference; fileEncoding = 4; lastKnownFileType = sourcecode.c.objc; path = AFURLConnectionOperation.m; sourceTree = "<group>"; };
		3BEF9AC31BC6F82C006123DA /* AFURLRequestSerialization.h */ = {isa = PBXFileReference; fileEncoding = 4; lastKnownFileType = sourcecode.c.h; path = AFURLRequestSerialization.h; sourceTree = "<group>"; };
		3BEF9AC41BC6F82C006123DA /* AFURLRequestSerialization.m */ = {isa = PBXFileReference; fileEncoding = 4; lastKnownFileType = sourcecode.c.objc; path = AFURLRequestSerialization.m; sourceTree = "<group>"; };
		3BEF9AC51BC6F82C006123DA /* AFURLResponseSerialization.h */ = {isa = PBXFileReference; fileEncoding = 4; lastKnownFileType = sourcecode.c.h; path = AFURLResponseSerialization.h; sourceTree = "<group>"; };
		3BEF9AC61BC6F82C006123DA /* AFURLResponseSerialization.m */ = {isa = PBXFileReference; fileEncoding = 4; lastKnownFileType = sourcecode.c.objc; path = AFURLResponseSerialization.m; sourceTree = "<group>"; };
		3BEF9AC71BC6F82C006123DA /* AFURLSessionManager.h */ = {isa = PBXFileReference; fileEncoding = 4; lastKnownFileType = sourcecode.c.h; path = AFURLSessionManager.h; sourceTree = "<group>"; };
		3BEF9AC81BC6F82C006123DA /* AFURLSessionManager.m */ = {isa = PBXFileReference; fileEncoding = 4; lastKnownFileType = sourcecode.c.objc; path = AFURLSessionManager.m; sourceTree = "<group>"; };
		3BEF9ACA1BC6F82C006123DA /* AFNetworkActivityIndicatorManager.h */ = {isa = PBXFileReference; fileEncoding = 4; lastKnownFileType = sourcecode.c.h; path = AFNetworkActivityIndicatorManager.h; sourceTree = "<group>"; };
		3BEF9ACB1BC6F82C006123DA /* AFNetworkActivityIndicatorManager.m */ = {isa = PBXFileReference; fileEncoding = 4; lastKnownFileType = sourcecode.c.objc; path = AFNetworkActivityIndicatorManager.m; sourceTree = "<group>"; };
		3BEF9ACC1BC6F82C006123DA /* UIActivityIndicatorView+AFNetworking.h */ = {isa = PBXFileReference; fileEncoding = 4; lastKnownFileType = sourcecode.c.h; path = "UIActivityIndicatorView+AFNetworking.h"; sourceTree = "<group>"; };
		3BEF9ACD1BC6F82C006123DA /* UIActivityIndicatorView+AFNetworking.m */ = {isa = PBXFileReference; fileEncoding = 4; lastKnownFileType = sourcecode.c.objc; path = "UIActivityIndicatorView+AFNetworking.m"; sourceTree = "<group>"; };
		3BEF9ACE1BC6F82C006123DA /* UIAlertView+AFNetworking.h */ = {isa = PBXFileReference; fileEncoding = 4; lastKnownFileType = sourcecode.c.h; path = "UIAlertView+AFNetworking.h"; sourceTree = "<group>"; };
		3BEF9ACF1BC6F82C006123DA /* UIAlertView+AFNetworking.m */ = {isa = PBXFileReference; fileEncoding = 4; lastKnownFileType = sourcecode.c.objc; path = "UIAlertView+AFNetworking.m"; sourceTree = "<group>"; };
		3BEF9AD01BC6F82C006123DA /* UIButton+AFNetworking.h */ = {isa = PBXFileReference; fileEncoding = 4; lastKnownFileType = sourcecode.c.h; path = "UIButton+AFNetworking.h"; sourceTree = "<group>"; };
		3BEF9AD11BC6F82C006123DA /* UIButton+AFNetworking.m */ = {isa = PBXFileReference; fileEncoding = 4; lastKnownFileType = sourcecode.c.objc; path = "UIButton+AFNetworking.m"; sourceTree = "<group>"; };
		3BEF9AD21BC6F82C006123DA /* UIImage+AFNetworking.h */ = {isa = PBXFileReference; fileEncoding = 4; lastKnownFileType = sourcecode.c.h; path = "UIImage+AFNetworking.h"; sourceTree = "<group>"; };
		3BEF9AD31BC6F82C006123DA /* UIImageView+AFNetworking.h */ = {isa = PBXFileReference; fileEncoding = 4; lastKnownFileType = sourcecode.c.h; path = "UIImageView+AFNetworking.h"; sourceTree = "<group>"; };
		3BEF9AD41BC6F82C006123DA /* UIImageView+AFNetworking.m */ = {isa = PBXFileReference; fileEncoding = 4; lastKnownFileType = sourcecode.c.objc; path = "UIImageView+AFNetworking.m"; sourceTree = "<group>"; };
		3BEF9AD51BC6F82C006123DA /* UIKit+AFNetworking.h */ = {isa = PBXFileReference; fileEncoding = 4; lastKnownFileType = sourcecode.c.h; path = "UIKit+AFNetworking.h"; sourceTree = "<group>"; };
		3BEF9AD61BC6F82C006123DA /* UIProgressView+AFNetworking.h */ = {isa = PBXFileReference; fileEncoding = 4; lastKnownFileType = sourcecode.c.h; path = "UIProgressView+AFNetworking.h"; sourceTree = "<group>"; };
		3BEF9AD71BC6F82C006123DA /* UIProgressView+AFNetworking.m */ = {isa = PBXFileReference; fileEncoding = 4; lastKnownFileType = sourcecode.c.objc; path = "UIProgressView+AFNetworking.m"; sourceTree = "<group>"; };
		3BEF9AD81BC6F82C006123DA /* UIRefreshControl+AFNetworking.h */ = {isa = PBXFileReference; fileEncoding = 4; lastKnownFileType = sourcecode.c.h; path = "UIRefreshControl+AFNetworking.h"; sourceTree = "<group>"; };
		3BEF9AD91BC6F82C006123DA /* UIRefreshControl+AFNetworking.m */ = {isa = PBXFileReference; fileEncoding = 4; lastKnownFileType = sourcecode.c.objc; path = "UIRefreshControl+AFNetworking.m"; sourceTree = "<group>"; };
		3BEF9ADA1BC6F82C006123DA /* UIWebView+AFNetworking.h */ = {isa = PBXFileReference; fileEncoding = 4; lastKnownFileType = sourcecode.c.h; path = "UIWebView+AFNetworking.h"; sourceTree = "<group>"; };
		3BEF9ADB1BC6F82C006123DA /* UIWebView+AFNetworking.m */ = {isa = PBXFileReference; fileEncoding = 4; lastKnownFileType = sourcecode.c.objc; path = "UIWebView+AFNetworking.m"; sourceTree = "<group>"; };
		3BF675831BC45B1C008E13AA /* API_Client.h */ = {isa = PBXFileReference; fileEncoding = 4; lastKnownFileType = sourcecode.c.h; name = API_Client.h; path = API_Client/API_Client.h; sourceTree = "<group>"; };
		3BF675841BC45B1C008E13AA /* API_Client.m */ = {isa = PBXFileReference; fileEncoding = 4; lastKnownFileType = sourcecode.c.objc; name = API_Client.m; path = API_Client/API_Client.m; sourceTree = "<group>"; };
		3BF675861BC47EA6008E13AA /* SignUpVC.h */ = {isa = PBXFileReference; fileEncoding = 4; lastKnownFileType = sourcecode.c.h; path = SignUpVC.h; sourceTree = "<group>"; };
		3BF675871BC47EA6008E13AA /* SignUpVC.m */ = {isa = PBXFileReference; fileEncoding = 4; lastKnownFileType = sourcecode.c.objc; path = SignUpVC.m; sourceTree = "<group>"; };
=======
		24DF81891BC46F220021F6E8 /* InputValidationLib.h */ = {isa = PBXFileReference; fileEncoding = 4; lastKnownFileType = sourcecode.c.h; name = InputValidationLib.h; path = SpliroTesting/InputValidationLib.h; sourceTree = "<group>"; };
		24DF818E1BC4EB5A0021F6E8 /* libValidationLibrary.a */ = {isa = PBXFileReference; lastKnownFileType = archive.ar; name = libValidationLibrary.a; path = SpliroTesting/libValidationLibrary.a; sourceTree = "<group>"; };
		24DF81901BC4EC0E0021F6E8 /* libinputValidationLib.a */ = {isa = PBXFileReference; lastKnownFileType = archive.ar; name = libinputValidationLib.a; path = SpliroTesting/libinputValidationLib.a; sourceTree = "<group>"; };
>>>>>>> origin/master
=======
		24DF81891BC46F220021F6E8 /* InputValidationLib.h */ = {isa = PBXFileReference; fileEncoding = 4; lastKnownFileType = sourcecode.c.h; name = InputValidationLib.h; path = SpliroTesting/InputValidationLib.h; sourceTree = "<group>"; };
		24DF818E1BC4EB5A0021F6E8 /* libValidationLibrary.a */ = {isa = PBXFileReference; lastKnownFileType = archive.ar; name = libValidationLibrary.a; path = SpliroTesting/libValidationLibrary.a; sourceTree = "<group>"; };
		24DF81901BC4EC0E0021F6E8 /* libinputValidationLib.a */ = {isa = PBXFileReference; lastKnownFileType = archive.ar; name = libinputValidationLib.a; path = SpliroTesting/libinputValidationLib.a; sourceTree = "<group>"; };
>>>>>>> origin/master
=======
		24DF81891BC46F220021F6E8 /* InputValidationLib.h */ = {isa = PBXFileReference; fileEncoding = 4; lastKnownFileType = sourcecode.c.h; name = InputValidationLib.h; path = SpliroTesting/InputValidationLib.h; sourceTree = "<group>"; };
		24DF818E1BC4EB5A0021F6E8 /* libValidationLibrary.a */ = {isa = PBXFileReference; lastKnownFileType = archive.ar; name = libValidationLibrary.a; path = SpliroTesting/libValidationLibrary.a; sourceTree = "<group>"; };
		24DF81901BC4EC0E0021F6E8 /* libinputValidationLib.a */ = {isa = PBXFileReference; lastKnownFileType = archive.ar; name = libinputValidationLib.a; path = SpliroTesting/libinputValidationLib.a; sourceTree = "<group>"; };
>>>>>>> origin/master
		3BFE07CE1BC3376D001F4D5B /* SpliroTesting.app */ = {isa = PBXFileReference; explicitFileType = wrapper.application; includeInIndex = 0; path = SpliroTesting.app; sourceTree = BUILT_PRODUCTS_DIR; };
		3BFE07D21BC3376D001F4D5B /* main.m */ = {isa = PBXFileReference; lastKnownFileType = sourcecode.c.objc; path = main.m; sourceTree = "<group>"; };
		3BFE07D41BC3376D001F4D5B /* AppDelegate.h */ = {isa = PBXFileReference; lastKnownFileType = sourcecode.c.h; path = AppDelegate.h; sourceTree = "<group>"; };
		3BFE07D51BC3376D001F4D5B /* AppDelegate.m */ = {isa = PBXFileReference; lastKnownFileType = sourcecode.c.objc; path = AppDelegate.m; sourceTree = "<group>"; };
		3BFE07D71BC3376D001F4D5B /* ViewController.h */ = {isa = PBXFileReference; lastKnownFileType = sourcecode.c.h; path = ViewController.h; sourceTree = "<group>"; };
		3BFE07D81BC3376D001F4D5B /* ViewController.m */ = {isa = PBXFileReference; lastKnownFileType = sourcecode.c.objc; path = ViewController.m; sourceTree = "<group>"; };
		3BFE07DB1BC3376D001F4D5B /* Base */ = {isa = PBXFileReference; lastKnownFileType = file.storyboard; name = Base; path = Base.lproj/Main.storyboard; sourceTree = "<group>"; };
		3BFE07E01BC3376D001F4D5B /* Assets.xcassets */ = {isa = PBXFileReference; lastKnownFileType = folder.assetcatalog; path = Assets.xcassets; sourceTree = "<group>"; };
		3BFE07E31BC3376D001F4D5B /* Base */ = {isa = PBXFileReference; lastKnownFileType = file.storyboard; name = Base; path = Base.lproj/LaunchScreen.storyboard; sourceTree = "<group>"; };
		3BFE07E51BC3376D001F4D5B /* Info.plist */ = {isa = PBXFileReference; lastKnownFileType = text.plist.xml; path = Info.plist; sourceTree = "<group>"; };
		3BFE07EA1BC3376D001F4D5B /* SpliroTestingTests.xctest */ = {isa = PBXFileReference; explicitFileType = wrapper.cfbundle; includeInIndex = 0; path = SpliroTestingTests.xctest; sourceTree = BUILT_PRODUCTS_DIR; };
		3BFE07EE1BC3376D001F4D5B /* SpliroTestingTests.m */ = {isa = PBXFileReference; lastKnownFileType = sourcecode.c.objc; path = SpliroTestingTests.m; sourceTree = "<group>"; };
		3BFE07F01BC3376D001F4D5B /* Info.plist */ = {isa = PBXFileReference; lastKnownFileType = text.plist.xml; path = Info.plist; sourceTree = "<group>"; };
		3BFE07F51BC3376D001F4D5B /* SpliroTestingUITests.xctest */ = {isa = PBXFileReference; explicitFileType = wrapper.cfbundle; includeInIndex = 0; path = SpliroTestingUITests.xctest; sourceTree = BUILT_PRODUCTS_DIR; };
		3BFE07F91BC3376D001F4D5B /* SpliroTestingUITests.m */ = {isa = PBXFileReference; lastKnownFileType = sourcecode.c.objc; path = SpliroTestingUITests.m; sourceTree = "<group>"; };
		3BFE07FB1BC3376D001F4D5B /* Info.plist */ = {isa = PBXFileReference; lastKnownFileType = text.plist.xml; path = Info.plist; sourceTree = "<group>"; };
		3BFE08081BC33789001F4D5B /* Spliro.xcdatamodel */ = {isa = PBXFileReference; lastKnownFileType = wrapper.xcdatamodel; path = Spliro.xcdatamodel; sourceTree = "<group>"; };
		3BFE080A1BC337F8001F4D5B /* Ios_metadata+CoreDataProperties.h */ = {isa = PBXFileReference; fileEncoding = 4; lastKnownFileType = sourcecode.c.h; name = "Ios_metadata+CoreDataProperties.h"; path = "CoreDataProperities/Ios_metadata+CoreDataProperties.h"; sourceTree = "<group>"; };
		3BFE080B1BC337F8001F4D5B /* Ios_metadata+CoreDataProperties.m */ = {isa = PBXFileReference; fileEncoding = 4; lastKnownFileType = sourcecode.c.objc; name = "Ios_metadata+CoreDataProperties.m"; path = "CoreDataProperities/Ios_metadata+CoreDataProperties.m"; sourceTree = "<group>"; };
		3BFE080C1BC337F8001F4D5B /* Ios_metadata.h */ = {isa = PBXFileReference; fileEncoding = 4; lastKnownFileType = sourcecode.c.h; name = Ios_metadata.h; path = CoreDataProperities/Ios_metadata.h; sourceTree = "<group>"; };
		3BFE080D1BC337F8001F4D5B /* Ios_metadata.m */ = {isa = PBXFileReference; fileEncoding = 4; lastKnownFileType = sourcecode.c.objc; name = Ios_metadata.m; path = CoreDataProperities/Ios_metadata.m; sourceTree = "<group>"; };
		3BFE080E1BC337F8001F4D5B /* Sp_dta_post_user+CoreDataProperties.h */ = {isa = PBXFileReference; fileEncoding = 4; lastKnownFileType = sourcecode.c.h; name = "Sp_dta_post_user+CoreDataProperties.h"; path = "CoreDataProperities/Sp_dta_post_user+CoreDataProperties.h"; sourceTree = "<group>"; };
		3BFE080F1BC337F8001F4D5B /* Sp_dta_post_user+CoreDataProperties.m */ = {isa = PBXFileReference; fileEncoding = 4; lastKnownFileType = sourcecode.c.objc; name = "Sp_dta_post_user+CoreDataProperties.m"; path = "CoreDataProperities/Sp_dta_post_user+CoreDataProperties.m"; sourceTree = "<group>"; };
		3BFE08101BC337F8001F4D5B /* Sp_dta_post_user.h */ = {isa = PBXFileReference; fileEncoding = 4; lastKnownFileType = sourcecode.c.h; name = Sp_dta_post_user.h; path = CoreDataProperities/Sp_dta_post_user.h; sourceTree = "<group>"; };
		3BFE08111BC337F8001F4D5B /* Sp_dta_post_user.m */ = {isa = PBXFileReference; fileEncoding = 4; lastKnownFileType = sourcecode.c.objc; name = Sp_dta_post_user.m; path = CoreDataProperities/Sp_dta_post_user.m; sourceTree = "<group>"; };
		3BFE08121BC337F8001F4D5B /* Sp_mst_category+CoreDataProperties.h */ = {isa = PBXFileReference; fileEncoding = 4; lastKnownFileType = sourcecode.c.h; name = "Sp_mst_category+CoreDataProperties.h"; path = "CoreDataProperities/Sp_mst_category+CoreDataProperties.h"; sourceTree = "<group>"; };
		3BFE08131BC337F8001F4D5B /* Sp_mst_category+CoreDataProperties.m */ = {isa = PBXFileReference; fileEncoding = 4; lastKnownFileType = sourcecode.c.objc; name = "Sp_mst_category+CoreDataProperties.m"; path = "CoreDataProperities/Sp_mst_category+CoreDataProperties.m"; sourceTree = "<group>"; };
		3BFE08141BC337F8001F4D5B /* Sp_mst_category.h */ = {isa = PBXFileReference; fileEncoding = 4; lastKnownFileType = sourcecode.c.h; name = Sp_mst_category.h; path = CoreDataProperities/Sp_mst_category.h; sourceTree = "<group>"; };
		3BFE08151BC337F8001F4D5B /* Sp_mst_category.m */ = {isa = PBXFileReference; fileEncoding = 4; lastKnownFileType = sourcecode.c.objc; name = Sp_mst_category.m; path = CoreDataProperities/Sp_mst_category.m; sourceTree = "<group>"; };
		3BFE08161BC337F8001F4D5B /* Sp_dta_post+CoreDataProperties.h */ = {isa = PBXFileReference; fileEncoding = 4; lastKnownFileType = sourcecode.c.h; name = "Sp_dta_post+CoreDataProperties.h"; path = "CoreDataProperities/Sp_dta_post+CoreDataProperties.h"; sourceTree = "<group>"; };
		3BFE08171BC337F8001F4D5B /* Sp_dta_post+CoreDataProperties.m */ = {isa = PBXFileReference; fileEncoding = 4; lastKnownFileType = sourcecode.c.objc; name = "Sp_dta_post+CoreDataProperties.m"; path = "CoreDataProperities/Sp_dta_post+CoreDataProperties.m"; sourceTree = "<group>"; };
		3BFE08181BC337F8001F4D5B /* Sp_dta_post.h */ = {isa = PBXFileReference; fileEncoding = 4; lastKnownFileType = sourcecode.c.h; name = Sp_dta_post.h; path = CoreDataProperities/Sp_dta_post.h; sourceTree = "<group>"; };
		3BFE08191BC337F8001F4D5B /* Sp_dta_post.m */ = {isa = PBXFileReference; fileEncoding = 4; lastKnownFileType = sourcecode.c.objc; name = Sp_dta_post.m; path = CoreDataProperities/Sp_dta_post.m; sourceTree = "<group>"; };
		3BFE081A1BC337F8001F4D5B /* Sp_dta_user+CoreDataProperties.h */ = {isa = PBXFileReference; fileEncoding = 4; lastKnownFileType = sourcecode.c.h; name = "Sp_dta_user+CoreDataProperties.h"; path = "CoreDataProperities/Sp_dta_user+CoreDataProperties.h"; sourceTree = "<group>"; };
		3BFE081B1BC337F8001F4D5B /* Sp_dta_user+CoreDataProperties.m */ = {isa = PBXFileReference; fileEncoding = 4; lastKnownFileType = sourcecode.c.objc; name = "Sp_dta_user+CoreDataProperties.m"; path = "CoreDataProperities/Sp_dta_user+CoreDataProperties.m"; sourceTree = "<group>"; };
		3BFE081C1BC337F8001F4D5B /* Sp_dta_user.h */ = {isa = PBXFileReference; fileEncoding = 4; lastKnownFileType = sourcecode.c.h; name = Sp_dta_user.h; path = CoreDataProperities/Sp_dta_user.h; sourceTree = "<group>"; };
		3BFE081D1BC337F8001F4D5B /* Sp_dta_user.m */ = {isa = PBXFileReference; fileEncoding = 4; lastKnownFileType = sourcecode.c.objc; name = Sp_dta_user.m; path = CoreDataProperities/Sp_dta_user.m; sourceTree = "<group>"; };
		3BFE081E1BC337F8001F4D5B /* Sqlite_sequence+CoreDataProperties.h */ = {isa = PBXFileReference; fileEncoding = 4; lastKnownFileType = sourcecode.c.h; name = "Sqlite_sequence+CoreDataProperties.h"; path = "CoreDataProperities/Sqlite_sequence+CoreDataProperties.h"; sourceTree = "<group>"; };
		3BFE081F1BC337F8001F4D5B /* Sqlite_sequence+CoreDataProperties.m */ = {isa = PBXFileReference; fileEncoding = 4; lastKnownFileType = sourcecode.c.objc; name = "Sqlite_sequence+CoreDataProperties.m"; path = "CoreDataProperities/Sqlite_sequence+CoreDataProperties.m"; sourceTree = "<group>"; };
		3BFE08201BC337F8001F4D5B /* Sqlite_sequence.h */ = {isa = PBXFileReference; fileEncoding = 4; lastKnownFileType = sourcecode.c.h; name = Sqlite_sequence.h; path = CoreDataProperities/Sqlite_sequence.h; sourceTree = "<group>"; };
		3BFE08211BC337F8001F4D5B /* Sqlite_sequence.m */ = {isa = PBXFileReference; fileEncoding = 4; lastKnownFileType = sourcecode.c.objc; name = Sqlite_sequence.m; path = CoreDataProperities/Sqlite_sequence.m; sourceTree = "<group>"; };
/* End PBXFileReference section */

/* Begin PBXFrameworksBuildPhase section */
		3BFE07CB1BC3376D001F4D5B /* Frameworks */ = {
			isa = PBXFrameworksBuildPhase;
			buildActionMask = 2147483647;
			files = (
				24DF818F1BC4EB5A0021F6E8 /* libValidationLibrary.a in Frameworks */,
				24DF81911BC4EC0E0021F6E8 /* libinputValidationLib.a in Frameworks */,
			);
			runOnlyForDeploymentPostprocessing = 0;
		};
		3BFE07E71BC3376D001F4D5B /* Frameworks */ = {
			isa = PBXFrameworksBuildPhase;
			buildActionMask = 2147483647;
			files = (
			);
			runOnlyForDeploymentPostprocessing = 0;
		};
		3BFE07F21BC3376D001F4D5B /* Frameworks */ = {
			isa = PBXFrameworksBuildPhase;
			buildActionMask = 2147483647;
			files = (
			);
			runOnlyForDeploymentPostprocessing = 0;
		};
/* End PBXFrameworksBuildPhase section */

/* Begin PBXGroup section */

		3BEF9AB51BC6F82C006123DA /* AFNetworking */ = {
			isa = PBXGroup;
			children = (
				3BEF9AB61BC6F82C006123DA /* AFHTTPRequestOperation.h */,
				3BEF9AB71BC6F82C006123DA /* AFHTTPRequestOperation.m */,
				3BEF9AB81BC6F82C006123DA /* AFHTTPRequestOperationManager.h */,
				3BEF9AB91BC6F82C006123DA /* AFHTTPRequestOperationManager.m */,
				3BEF9ABA1BC6F82C006123DA /* AFHTTPSessionManager.h */,
				3BEF9ABB1BC6F82C006123DA /* AFHTTPSessionManager.m */,
				3BEF9ABC1BC6F82C006123DA /* AFNetworking.h */,
				3BEF9ABD1BC6F82C006123DA /* AFNetworkReachabilityManager.h */,
				3BEF9ABE1BC6F82C006123DA /* AFNetworkReachabilityManager.m */,
				3BEF9ABF1BC6F82C006123DA /* AFSecurityPolicy.h */,
				3BEF9AC01BC6F82C006123DA /* AFSecurityPolicy.m */,
				3BEF9AC11BC6F82C006123DA /* AFURLConnectionOperation.h */,
				3BEF9AC21BC6F82C006123DA /* AFURLConnectionOperation.m */,
				3BEF9AC31BC6F82C006123DA /* AFURLRequestSerialization.h */,
				3BEF9AC41BC6F82C006123DA /* AFURLRequestSerialization.m */,
				3BEF9AC51BC6F82C006123DA /* AFURLResponseSerialization.h */,
				3BEF9AC61BC6F82C006123DA /* AFURLResponseSerialization.m */,
				3BEF9AC71BC6F82C006123DA /* AFURLSessionManager.h */,
				3BEF9AC81BC6F82C006123DA /* AFURLSessionManager.m */,
			);
			path = AFNetworking;
			sourceTree = "<group>";
		};
		3BEF9AC91BC6F82C006123DA /* UIKit+AFNetworking */ = {
			isa = PBXGroup;
			children = (
				3BEF9ACA1BC6F82C006123DA /* AFNetworkActivityIndicatorManager.h */,
				3BEF9ACB1BC6F82C006123DA /* AFNetworkActivityIndicatorManager.m */,
				3BEF9ACC1BC6F82C006123DA /* UIActivityIndicatorView+AFNetworking.h */,
				3BEF9ACD1BC6F82C006123DA /* UIActivityIndicatorView+AFNetworking.m */,
				3BEF9ACE1BC6F82C006123DA /* UIAlertView+AFNetworking.h */,
				3BEF9ACF1BC6F82C006123DA /* UIAlertView+AFNetworking.m */,
				3BEF9AD01BC6F82C006123DA /* UIButton+AFNetworking.h */,
				3BEF9AD11BC6F82C006123DA /* UIButton+AFNetworking.m */,
				3BEF9AD21BC6F82C006123DA /* UIImage+AFNetworking.h */,
				3BEF9AD31BC6F82C006123DA /* UIImageView+AFNetworking.h */,
				3BEF9AD41BC6F82C006123DA /* UIImageView+AFNetworking.m */,
				3BEF9AD51BC6F82C006123DA /* UIKit+AFNetworking.h */,
				3BEF9AD61BC6F82C006123DA /* UIProgressView+AFNetworking.h */,
				3BEF9AD71BC6F82C006123DA /* UIProgressView+AFNetworking.m */,
				3BEF9AD81BC6F82C006123DA /* UIRefreshControl+AFNetworking.h */,
				3BEF9AD91BC6F82C006123DA /* UIRefreshControl+AFNetworking.m */,
				3BEF9ADA1BC6F82C006123DA /* UIWebView+AFNetworking.h */,
				3BEF9ADB1BC6F82C006123DA /* UIWebView+AFNetworking.m */,
			);
			path = "UIKit+AFNetworking";
			sourceTree = "<group>";
		};
		3BF675821BC45AE7008E13AA /* API_Client */ = {
			isa = PBXGroup;
			children = (
				3BF675831BC45B1C008E13AA /* API_Client.h */,
				3BF675841BC45B1C008E13AA /* API_Client.m */,
			);
			name = API_Client;
=======
=======
>>>>>>> origin/master
=======
>>>>>>> origin/master
		24DF81921BC595780021F6E8 /* Library */ = {
			isa = PBXGroup;
			children = (
				24DF81891BC46F220021F6E8 /* InputValidationLib.h */,
				24DF81901BC4EC0E0021F6E8 /* libinputValidationLib.a */,
				24DF818E1BC4EB5A0021F6E8 /* libValidationLibrary.a */,
			);
			name = Library;

>>>>>>> origin/master
=======
>>>>>>> origin/master
=======
>>>>>>> origin/master
			sourceTree = "<group>";
		};
		3BFE07C51BC3376D001F4D5B = {
			isa = PBXGroup;
			children = (

				3B9664761BC6D2BF00228BAA /* Constants.h */,
=======
				24DF81921BC595780021F6E8 /* Library */,
>>>>>>> origin/master
=======
				24DF81921BC595780021F6E8 /* Library */,
>>>>>>> origin/master
=======
				24DF81921BC595780021F6E8 /* Library */,
>>>>>>> origin/master
				3BFE082E1BC3380E001F4D5B /* CoreDataProperties */,
				3BFE07D01BC3376D001F4D5B /* SpliroTesting */,
				3BFE07ED1BC3376D001F4D5B /* SpliroTestingTests */,
				3BFE07F81BC3376D001F4D5B /* SpliroTestingUITests */,
				3BFE07CF1BC3376D001F4D5B /* Products */,
			);
			sourceTree = "<group>";
		};
		3BFE07CF1BC3376D001F4D5B /* Products */ = {
			isa = PBXGroup;
			children = (
				3BFE07CE1BC3376D001F4D5B /* SpliroTesting.app */,
				3BFE07EA1BC3376D001F4D5B /* SpliroTestingTests.xctest */,
				3BFE07F51BC3376D001F4D5B /* SpliroTestingUITests.xctest */,
			);
			name = Products;
			sourceTree = "<group>";
		};
		3BFE07D01BC3376D001F4D5B /* SpliroTesting */ = {
			isa = PBXGroup;
			children = (
				3BEF9AB51BC6F82C006123DA /* AFNetworking */,
				3BEF9AC91BC6F82C006123DA /* UIKit+AFNetworking */,
				3BF675821BC45AE7008E13AA /* API_Client */,
				3BFE07D41BC3376D001F4D5B /* AppDelegate.h */,
				3BFE07D51BC3376D001F4D5B /* AppDelegate.m */,
				3BFE07D71BC3376D001F4D5B /* ViewController.h */,
				3BFE07D81BC3376D001F4D5B /* ViewController.m */,
				3BF675861BC47EA6008E13AA /* SignUpVC.h */,
				3BF675871BC47EA6008E13AA /* SignUpVC.m */,
				3B9664731BC6CA1C00228BAA /* RegisterationTable.h */,
				3B9664741BC6CA1C00228BAA /* RegisterationTable.m */,
				3BFE07DA1BC3376D001F4D5B /* Main.storyboard */,
				3BFE07E01BC3376D001F4D5B /* Assets.xcassets */,
				3BFE07E21BC3376D001F4D5B /* LaunchScreen.storyboard */,
				3BFE07E51BC3376D001F4D5B /* Info.plist */,
				3BFE08071BC33789001F4D5B /* Spliro.xcdatamodeld */,
				3BFE07D11BC3376D001F4D5B /* Supporting Files */,
			);
			path = SpliroTesting;
			sourceTree = "<group>";
		};
		3BFE07D11BC3376D001F4D5B /* Supporting Files */ = {
			isa = PBXGroup;
			children = (
				3BFE07D21BC3376D001F4D5B /* main.m */,
			);
			name = "Supporting Files";
			sourceTree = "<group>";
		};
		3BFE07ED1BC3376D001F4D5B /* SpliroTestingTests */ = {
			isa = PBXGroup;
			children = (
				3BFE07EE1BC3376D001F4D5B /* SpliroTestingTests.m */,
				3BFE07F01BC3376D001F4D5B /* Info.plist */,
			);
			path = SpliroTestingTests;
			sourceTree = "<group>";
		};
		3BFE07F81BC3376D001F4D5B /* SpliroTestingUITests */ = {
			isa = PBXGroup;
			children = (
				3BFE07F91BC3376D001F4D5B /* SpliroTestingUITests.m */,
				3BFE07FB1BC3376D001F4D5B /* Info.plist */,
			);
			path = SpliroTestingUITests;
			sourceTree = "<group>";
		};
		3BFE082E1BC3380E001F4D5B /* CoreDataProperties */ = {
			isa = PBXGroup;
			children = (
				3BFE080A1BC337F8001F4D5B /* Ios_metadata+CoreDataProperties.h */,
				3BFE080B1BC337F8001F4D5B /* Ios_metadata+CoreDataProperties.m */,
				3BFE080C1BC337F8001F4D5B /* Ios_metadata.h */,
				3BFE080D1BC337F8001F4D5B /* Ios_metadata.m */,
				3BFE080E1BC337F8001F4D5B /* Sp_dta_post_user+CoreDataProperties.h */,
				3BFE080F1BC337F8001F4D5B /* Sp_dta_post_user+CoreDataProperties.m */,
				3BFE08101BC337F8001F4D5B /* Sp_dta_post_user.h */,
				3BFE08111BC337F8001F4D5B /* Sp_dta_post_user.m */,
				3BFE08121BC337F8001F4D5B /* Sp_mst_category+CoreDataProperties.h */,
				3BFE08131BC337F8001F4D5B /* Sp_mst_category+CoreDataProperties.m */,
				3BFE08141BC337F8001F4D5B /* Sp_mst_category.h */,
				3BFE08151BC337F8001F4D5B /* Sp_mst_category.m */,
				3BFE08161BC337F8001F4D5B /* Sp_dta_post+CoreDataProperties.h */,
				3BFE08171BC337F8001F4D5B /* Sp_dta_post+CoreDataProperties.m */,
				3BFE08181BC337F8001F4D5B /* Sp_dta_post.h */,
				3BFE08191BC337F8001F4D5B /* Sp_dta_post.m */,
				3BFE081A1BC337F8001F4D5B /* Sp_dta_user+CoreDataProperties.h */,
				3BFE081B1BC337F8001F4D5B /* Sp_dta_user+CoreDataProperties.m */,
				3BFE081C1BC337F8001F4D5B /* Sp_dta_user.h */,
				3BFE081D1BC337F8001F4D5B /* Sp_dta_user.m */,
				3BFE081E1BC337F8001F4D5B /* Sqlite_sequence+CoreDataProperties.h */,
				3BFE081F1BC337F8001F4D5B /* Sqlite_sequence+CoreDataProperties.m */,
				3BFE08201BC337F8001F4D5B /* Sqlite_sequence.h */,
				3BFE08211BC337F8001F4D5B /* Sqlite_sequence.m */,
			);
			name = CoreDataProperties;
			sourceTree = "<group>";
		};
/* End PBXGroup section */

/* Begin PBXNativeTarget section */
		3BFE07CD1BC3376D001F4D5B /* SpliroTesting */ = {
			isa = PBXNativeTarget;
			buildConfigurationList = 3BFE07FE1BC3376D001F4D5B /* Build configuration list for PBXNativeTarget "SpliroTesting" */;
			buildPhases = (
				3BFE07CA1BC3376D001F4D5B /* Sources */,
				3BFE07CB1BC3376D001F4D5B /* Frameworks */,
				3BFE07CC1BC3376D001F4D5B /* Resources */,
			);
			buildRules = (
			);
			dependencies = (
			);
			name = SpliroTesting;
			productName = SpliroTesting;
			productReference = 3BFE07CE1BC3376D001F4D5B /* SpliroTesting.app */;
			productType = "com.apple.product-type.application";
		};
		3BFE07E91BC3376D001F4D5B /* SpliroTestingTests */ = {
			isa = PBXNativeTarget;
			buildConfigurationList = 3BFE08011BC3376D001F4D5B /* Build configuration list for PBXNativeTarget "SpliroTestingTests" */;
			buildPhases = (
				3BFE07E61BC3376D001F4D5B /* Sources */,
				3BFE07E71BC3376D001F4D5B /* Frameworks */,
				3BFE07E81BC3376D001F4D5B /* Resources */,
			);
			buildRules = (
			);
			dependencies = (
				3BFE07EC1BC3376D001F4D5B /* PBXTargetDependency */,
			);
			name = SpliroTestingTests;
			productName = SpliroTestingTests;
			productReference = 3BFE07EA1BC3376D001F4D5B /* SpliroTestingTests.xctest */;
			productType = "com.apple.product-type.bundle.unit-test";
		};
		3BFE07F41BC3376D001F4D5B /* SpliroTestingUITests */ = {
			isa = PBXNativeTarget;
			buildConfigurationList = 3BFE08041BC3376D001F4D5B /* Build configuration list for PBXNativeTarget "SpliroTestingUITests" */;
			buildPhases = (
				3BFE07F11BC3376D001F4D5B /* Sources */,
				3BFE07F21BC3376D001F4D5B /* Frameworks */,
				3BFE07F31BC3376D001F4D5B /* Resources */,
			);
			buildRules = (
			);
			dependencies = (
				3BFE07F71BC3376D001F4D5B /* PBXTargetDependency */,
			);
			name = SpliroTestingUITests;
			productName = SpliroTestingUITests;
			productReference = 3BFE07F51BC3376D001F4D5B /* SpliroTestingUITests.xctest */;
			productType = "com.apple.product-type.bundle.ui-testing";
		};
/* End PBXNativeTarget section */

/* Begin PBXProject section */
		3BFE07C61BC3376D001F4D5B /* Project object */ = {
			isa = PBXProject;
			attributes = {
				LastUpgradeCheck = 0700;
				ORGANIZATIONNAME = "Brian Chen";
				TargetAttributes = {
					3BFE07CD1BC3376D001F4D5B = {
						CreatedOnToolsVersion = 7.0;
					};
					3BFE07E91BC3376D001F4D5B = {
						CreatedOnToolsVersion = 7.0;
						TestTargetID = 3BFE07CD1BC3376D001F4D5B;
					};
					3BFE07F41BC3376D001F4D5B = {
						CreatedOnToolsVersion = 7.0;
						TestTargetID = 3BFE07CD1BC3376D001F4D5B;
					};
				};
			};
			buildConfigurationList = 3BFE07C91BC3376D001F4D5B /* Build configuration list for PBXProject "SpliroTesting" */;
			compatibilityVersion = "Xcode 3.2";
			developmentRegion = English;
			hasScannedForEncodings = 0;
			knownRegions = (
				en,
				Base,
			);
			mainGroup = 3BFE07C51BC3376D001F4D5B;
			productRefGroup = 3BFE07CF1BC3376D001F4D5B /* Products */;
			projectDirPath = "";
			projectRoot = "";
			targets = (
				3BFE07CD1BC3376D001F4D5B /* SpliroTesting */,
				3BFE07E91BC3376D001F4D5B /* SpliroTestingTests */,
				3BFE07F41BC3376D001F4D5B /* SpliroTestingUITests */,
			);
		};
/* End PBXProject section */

/* Begin PBXResourcesBuildPhase section */
		3BFE07CC1BC3376D001F4D5B /* Resources */ = {
			isa = PBXResourcesBuildPhase;
			buildActionMask = 2147483647;
			files = (
				3BFE07E41BC3376D001F4D5B /* LaunchScreen.storyboard in Resources */,
				3BFE07E11BC3376D001F4D5B /* Assets.xcassets in Resources */,
				3BFE07DC1BC3376D001F4D5B /* Main.storyboard in Resources */,
			);
			runOnlyForDeploymentPostprocessing = 0;
		};
		3BFE07E81BC3376D001F4D5B /* Resources */ = {
			isa = PBXResourcesBuildPhase;
			buildActionMask = 2147483647;
			files = (
			);
			runOnlyForDeploymentPostprocessing = 0;
		};
		3BFE07F31BC3376D001F4D5B /* Resources */ = {
			isa = PBXResourcesBuildPhase;
			buildActionMask = 2147483647;
			files = (
			);
			runOnlyForDeploymentPostprocessing = 0;
		};
/* End PBXResourcesBuildPhase section */

/* Begin PBXSourcesBuildPhase section */
		3BFE07CA1BC3376D001F4D5B /* Sources */ = {
			isa = PBXSourcesBuildPhase;
			buildActionMask = 2147483647;
			files = (
				3BFE08281BC337F8001F4D5B /* Sp_dta_post+CoreDataProperties.m in Sources */,
				3BFE07D91BC3376D001F4D5B /* ViewController.m in Sources */,
				3BFE08241BC337F8001F4D5B /* Sp_dta_post_user+CoreDataProperties.m in Sources */,
				3BFE082C1BC337F8001F4D5B /* Sqlite_sequence+CoreDataProperties.m in Sources */,
				3BEF9AE11BC6F82C006123DA /* AFURLConnectionOperation.m in Sources */,
				3BEF9AE01BC6F82C006123DA /* AFSecurityPolicy.m in Sources */,
				3BEF9AE81BC6F82C006123DA /* UIButton+AFNetworking.m in Sources */,
				3BEF9AE61BC6F82C006123DA /* UIActivityIndicatorView+AFNetworking.m in Sources */,
				3BEF9AEA1BC6F82C006123DA /* UIProgressView+AFNetworking.m in Sources */,
				3BFE08261BC337F8001F4D5B /* Sp_mst_category+CoreDataProperties.m in Sources */,
				3BEF9ADE1BC6F82C006123DA /* AFHTTPSessionManager.m in Sources */,
				3BFE07D61BC3376D001F4D5B /* AppDelegate.m in Sources */,
				3BFE082B1BC337F8001F4D5B /* Sp_dta_user.m in Sources */,
				3BFE08271BC337F8001F4D5B /* Sp_mst_category.m in Sources */,
				3BFE08291BC337F8001F4D5B /* Sp_dta_post.m in Sources */,
				3BEF9AE51BC6F82C006123DA /* AFNetworkActivityIndicatorManager.m in Sources */,
				3BEF9AE71BC6F82C006123DA /* UIAlertView+AFNetworking.m in Sources */,
				3BFE08091BC33789001F4D5B /* Spliro.xcdatamodeld in Sources */,
				3BF675851BC45B1C008E13AA /* API_Client.m in Sources */,
				3BEF9ADD1BC6F82C006123DA /* AFHTTPRequestOperationManager.m in Sources */,
				3BEF9AEC1BC6F82C006123DA /* UIWebView+AFNetworking.m in Sources */,
				3B9664751BC6CA1C00228BAA /* RegisterationTable.m in Sources */,
				3BEF9ADC1BC6F82C006123DA /* AFHTTPRequestOperation.m in Sources */,
				3BEF9AEB1BC6F82C006123DA /* UIRefreshControl+AFNetworking.m in Sources */,
				3BEF9AE41BC6F82C006123DA /* AFURLSessionManager.m in Sources */,
				3BFE08221BC337F8001F4D5B /* Ios_metadata+CoreDataProperties.m in Sources */,
				3BEF9ADF1BC6F82C006123DA /* AFNetworkReachabilityManager.m in Sources */,
				3BEF9AE31BC6F82C006123DA /* AFURLResponseSerialization.m in Sources */,
				3BEF9AE21BC6F82C006123DA /* AFURLRequestSerialization.m in Sources */,
				3BFE082D1BC337F8001F4D5B /* Sqlite_sequence.m in Sources */,
				3BFE082A1BC337F8001F4D5B /* Sp_dta_user+CoreDataProperties.m in Sources */,
				3BFE08231BC337F8001F4D5B /* Ios_metadata.m in Sources */,
				3BF675881BC47EA6008E13AA /* SignUpVC.m in Sources */,
				3BFE08251BC337F8001F4D5B /* Sp_dta_post_user.m in Sources */,
				3BEF9AE91BC6F82C006123DA /* UIImageView+AFNetworking.m in Sources */,
				3BFE07D31BC3376D001F4D5B /* main.m in Sources */,
			);
			runOnlyForDeploymentPostprocessing = 0;
		};
		3BFE07E61BC3376D001F4D5B /* Sources */ = {
			isa = PBXSourcesBuildPhase;
			buildActionMask = 2147483647;
			files = (
				3BFE07EF1BC3376D001F4D5B /* SpliroTestingTests.m in Sources */,
			);
			runOnlyForDeploymentPostprocessing = 0;
		};
		3BFE07F11BC3376D001F4D5B /* Sources */ = {
			isa = PBXSourcesBuildPhase;
			buildActionMask = 2147483647;
			files = (
				3BFE07FA1BC3376D001F4D5B /* SpliroTestingUITests.m in Sources */,
			);
			runOnlyForDeploymentPostprocessing = 0;
		};
/* End PBXSourcesBuildPhase section */

/* Begin PBXTargetDependency section */
		3BFE07EC1BC3376D001F4D5B /* PBXTargetDependency */ = {
			isa = PBXTargetDependency;
			target = 3BFE07CD1BC3376D001F4D5B /* SpliroTesting */;
			targetProxy = 3BFE07EB1BC3376D001F4D5B /* PBXContainerItemProxy */;
		};
		3BFE07F71BC3376D001F4D5B /* PBXTargetDependency */ = {
			isa = PBXTargetDependency;
			target = 3BFE07CD1BC3376D001F4D5B /* SpliroTesting */;
			targetProxy = 3BFE07F61BC3376D001F4D5B /* PBXContainerItemProxy */;
		};
/* End PBXTargetDependency section */

/* Begin PBXVariantGroup section */
		3BFE07DA1BC3376D001F4D5B /* Main.storyboard */ = {
			isa = PBXVariantGroup;
			children = (
				3BFE07DB1BC3376D001F4D5B /* Base */,
			);
			name = Main.storyboard;
			sourceTree = "<group>";
		};
		3BFE07E21BC3376D001F4D5B /* LaunchScreen.storyboard */ = {
			isa = PBXVariantGroup;
			children = (
				3BFE07E31BC3376D001F4D5B /* Base */,
			);
			name = LaunchScreen.storyboard;
			sourceTree = "<group>";
		};
/* End PBXVariantGroup section */

/* Begin XCBuildConfiguration section */
		3BFE07FC1BC3376D001F4D5B /* Debug */ = {
			isa = XCBuildConfiguration;
			buildSettings = {
				ALWAYS_SEARCH_USER_PATHS = NO;
				CLANG_CXX_LANGUAGE_STANDARD = "gnu++0x";
				CLANG_CXX_LIBRARY = "libc++";
				CLANG_ENABLE_MODULES = YES;
				CLANG_ENABLE_OBJC_ARC = YES;
				CLANG_WARN_BOOL_CONVERSION = YES;
				CLANG_WARN_CONSTANT_CONVERSION = YES;
				CLANG_WARN_DIRECT_OBJC_ISA_USAGE = YES_ERROR;
				CLANG_WARN_EMPTY_BODY = YES;
				CLANG_WARN_ENUM_CONVERSION = YES;
				CLANG_WARN_INT_CONVERSION = YES;
				CLANG_WARN_OBJC_ROOT_CLASS = YES_ERROR;
				CLANG_WARN_UNREACHABLE_CODE = YES;
				CLANG_WARN__DUPLICATE_METHOD_MATCH = YES;
				"CODE_SIGN_IDENTITY[sdk=iphoneos*]" = "iPhone Developer";
				COPY_PHASE_STRIP = NO;
				DEBUG_INFORMATION_FORMAT = dwarf;
				ENABLE_STRICT_OBJC_MSGSEND = YES;
				ENABLE_TESTABILITY = YES;
				GCC_C_LANGUAGE_STANDARD = gnu99;
				GCC_DYNAMIC_NO_PIC = NO;
				GCC_NO_COMMON_BLOCKS = YES;
				GCC_OPTIMIZATION_LEVEL = 0;
				GCC_PREPROCESSOR_DEFINITIONS = (
					"DEBUG=1",
					"$(inherited)",
				);
				GCC_WARN_64_TO_32_BIT_CONVERSION = YES;
				GCC_WARN_ABOUT_RETURN_TYPE = YES_ERROR;
				GCC_WARN_UNDECLARED_SELECTOR = YES;
				GCC_WARN_UNINITIALIZED_AUTOS = YES_AGGRESSIVE;
				GCC_WARN_UNUSED_FUNCTION = YES;
				GCC_WARN_UNUSED_VARIABLE = YES;
				IPHONEOS_DEPLOYMENT_TARGET = 9.0;
				MTL_ENABLE_DEBUG_INFO = YES;
				ONLY_ACTIVE_ARCH = YES;
				SDKROOT = iphoneos;
			};
			name = Debug;
		};
		3BFE07FD1BC3376D001F4D5B /* Release */ = {
			isa = XCBuildConfiguration;
			buildSettings = {
				ALWAYS_SEARCH_USER_PATHS = NO;
				CLANG_CXX_LANGUAGE_STANDARD = "gnu++0x";
				CLANG_CXX_LIBRARY = "libc++";
				CLANG_ENABLE_MODULES = YES;
				CLANG_ENABLE_OBJC_ARC = YES;
				CLANG_WARN_BOOL_CONVERSION = YES;
				CLANG_WARN_CONSTANT_CONVERSION = YES;
				CLANG_WARN_DIRECT_OBJC_ISA_USAGE = YES_ERROR;
				CLANG_WARN_EMPTY_BODY = YES;
				CLANG_WARN_ENUM_CONVERSION = YES;
				CLANG_WARN_INT_CONVERSION = YES;
				CLANG_WARN_OBJC_ROOT_CLASS = YES_ERROR;
				CLANG_WARN_UNREACHABLE_CODE = YES;
				CLANG_WARN__DUPLICATE_METHOD_MATCH = YES;
				"CODE_SIGN_IDENTITY[sdk=iphoneos*]" = "iPhone Developer";
				COPY_PHASE_STRIP = NO;
				DEBUG_INFORMATION_FORMAT = "dwarf-with-dsym";
				ENABLE_NS_ASSERTIONS = NO;
				ENABLE_STRICT_OBJC_MSGSEND = YES;
				GCC_C_LANGUAGE_STANDARD = gnu99;
				GCC_NO_COMMON_BLOCKS = YES;
				GCC_WARN_64_TO_32_BIT_CONVERSION = YES;
				GCC_WARN_ABOUT_RETURN_TYPE = YES_ERROR;
				GCC_WARN_UNDECLARED_SELECTOR = YES;
				GCC_WARN_UNINITIALIZED_AUTOS = YES_AGGRESSIVE;
				GCC_WARN_UNUSED_FUNCTION = YES;
				GCC_WARN_UNUSED_VARIABLE = YES;
				IPHONEOS_DEPLOYMENT_TARGET = 9.0;
				MTL_ENABLE_DEBUG_INFO = NO;
				SDKROOT = iphoneos;
				VALIDATE_PRODUCT = YES;
			};
			name = Release;
		};
		3BFE07FF1BC3376D001F4D5B /* Debug */ = {
			isa = XCBuildConfiguration;
			buildSettings = {
				ASSETCATALOG_COMPILER_APPICON_NAME = AppIcon;
				INFOPLIST_FILE = SpliroTesting/Info.plist;
				LD_RUNPATH_SEARCH_PATHS = "$(inherited) @executable_path/Frameworks";
				LIBRARY_SEARCH_PATHS = (
					"$(inherited)",
					"$(PROJECT_DIR)/SpliroTesting",
				);
				PRODUCT_BUNDLE_IDENTIFIER = Aryausa.SpliroTesting;
				PRODUCT_NAME = "$(TARGET_NAME)";
			};
			name = Debug;
		};
		3BFE08001BC3376D001F4D5B /* Release */ = {
			isa = XCBuildConfiguration;
			buildSettings = {
				ASSETCATALOG_COMPILER_APPICON_NAME = AppIcon;
				INFOPLIST_FILE = SpliroTesting/Info.plist;
				LD_RUNPATH_SEARCH_PATHS = "$(inherited) @executable_path/Frameworks";
				LIBRARY_SEARCH_PATHS = (
					"$(inherited)",
					"$(PROJECT_DIR)/SpliroTesting",
				);
				PRODUCT_BUNDLE_IDENTIFIER = Aryausa.SpliroTesting;
				PRODUCT_NAME = "$(TARGET_NAME)";
			};
			name = Release;
		};
		3BFE08021BC3376D001F4D5B /* Debug */ = {
			isa = XCBuildConfiguration;
			buildSettings = {
				BUNDLE_LOADER = "$(TEST_HOST)";
				INFOPLIST_FILE = SpliroTestingTests/Info.plist;
				LD_RUNPATH_SEARCH_PATHS = "$(inherited) @executable_path/Frameworks @loader_path/Frameworks";
				PRODUCT_BUNDLE_IDENTIFIER = Aryausa.SpliroTestingTests;
				PRODUCT_NAME = "$(TARGET_NAME)";
				TEST_HOST = "$(BUILT_PRODUCTS_DIR)/SpliroTesting.app/SpliroTesting";
			};
			name = Debug;
		};
		3BFE08031BC3376D001F4D5B /* Release */ = {
			isa = XCBuildConfiguration;
			buildSettings = {
				BUNDLE_LOADER = "$(TEST_HOST)";
				INFOPLIST_FILE = SpliroTestingTests/Info.plist;
				LD_RUNPATH_SEARCH_PATHS = "$(inherited) @executable_path/Frameworks @loader_path/Frameworks";
				PRODUCT_BUNDLE_IDENTIFIER = Aryausa.SpliroTestingTests;
				PRODUCT_NAME = "$(TARGET_NAME)";
				TEST_HOST = "$(BUILT_PRODUCTS_DIR)/SpliroTesting.app/SpliroTesting";
			};
			name = Release;
		};
		3BFE08051BC3376D001F4D5B /* Debug */ = {
			isa = XCBuildConfiguration;
			buildSettings = {
				INFOPLIST_FILE = SpliroTestingUITests/Info.plist;
				LD_RUNPATH_SEARCH_PATHS = "$(inherited) @executable_path/Frameworks @loader_path/Frameworks";
				PRODUCT_BUNDLE_IDENTIFIER = Aryausa.SpliroTestingUITests;
				PRODUCT_NAME = "$(TARGET_NAME)";
				TEST_TARGET_NAME = SpliroTesting;
				USES_XCTRUNNER = YES;
			};
			name = Debug;
		};
		3BFE08061BC3376D001F4D5B /* Release */ = {
			isa = XCBuildConfiguration;
			buildSettings = {
				INFOPLIST_FILE = SpliroTestingUITests/Info.plist;
				LD_RUNPATH_SEARCH_PATHS = "$(inherited) @executable_path/Frameworks @loader_path/Frameworks";
				PRODUCT_BUNDLE_IDENTIFIER = Aryausa.SpliroTestingUITests;
				PRODUCT_NAME = "$(TARGET_NAME)";
				TEST_TARGET_NAME = SpliroTesting;
				USES_XCTRUNNER = YES;
			};
			name = Release;
		};
/* End XCBuildConfiguration section */

/* Begin XCConfigurationList section */
		3BFE07C91BC3376D001F4D5B /* Build configuration list for PBXProject "SpliroTesting" */ = {
			isa = XCConfigurationList;
			buildConfigurations = (
				3BFE07FC1BC3376D001F4D5B /* Debug */,
				3BFE07FD1BC3376D001F4D5B /* Release */,
			);
			defaultConfigurationIsVisible = 0;
			defaultConfigurationName = Release;
		};
		3BFE07FE1BC3376D001F4D5B /* Build configuration list for PBXNativeTarget "SpliroTesting" */ = {
			isa = XCConfigurationList;
			buildConfigurations = (
				3BFE07FF1BC3376D001F4D5B /* Debug */,
				3BFE08001BC3376D001F4D5B /* Release */,
			);
			defaultConfigurationIsVisible = 0;
			defaultConfigurationName = Release;
		};
		3BFE08011BC3376D001F4D5B /* Build configuration list for PBXNativeTarget "SpliroTestingTests" */ = {
			isa = XCConfigurationList;
			buildConfigurations = (
				3BFE08021BC3376D001F4D5B /* Debug */,
				3BFE08031BC3376D001F4D5B /* Release */,
			);
			defaultConfigurationIsVisible = 0;
			defaultConfigurationName = Release;
		};
		3BFE08041BC3376D001F4D5B /* Build configuration list for PBXNativeTarget "SpliroTestingUITests" */ = {
			isa = XCConfigurationList;
			buildConfigurations = (
				3BFE08051BC3376D001F4D5B /* Debug */,
				3BFE08061BC3376D001F4D5B /* Release */,
			);
			defaultConfigurationIsVisible = 0;
			defaultConfigurationName = Release;
		};
/* End XCConfigurationList section */

/* Begin XCVersionGroup section */
		3BFE08071BC33789001F4D5B /* Spliro.xcdatamodeld */ = {
			isa = XCVersionGroup;
			children = (
				3BFE08081BC33789001F4D5B /* Spliro.xcdatamodel */,
			);
			currentVersion = 3BFE08081BC33789001F4D5B /* Spliro.xcdatamodel */;
			path = Spliro.xcdatamodeld;
			sourceTree = "<group>";
			versionGroupType = wrapper.xcdatamodel;
		};
/* End XCVersionGroup section */
	};
	rootObject = 3BFE07C61BC3376D001F4D5B /* Project object */;
}
